// !$*UTF8*$!
{
	archiveVersion = 1;
	classes = {
	};
	objectVersion = 46;
	objects = {

/* Begin PBXBuildFile section */
		191E6C5D1B1D4249009F8702 /* KDObstacle.cpp in Sources */ = {isa = PBXBuildFile; fileRef = 191E6C5B1B1D4249009F8702 /* KDObstacle.cpp */; };
		1955D0E91AC44362001318C6 /* main.cpp in Sources */ = {isa = PBXBuildFile; fileRef = 1955D0E81AC44362001318C6 /* main.cpp */; };
		1955D0F01AC44379001318C6 /* GLUT.framework in Frameworks */ = {isa = PBXBuildFile; fileRef = 1955D0EF1AC44379001318C6 /* GLUT.framework */; };
		1955D0F41AC443D4001318C6 /* Vector.cpp in Sources */ = {isa = PBXBuildFile; fileRef = 1955D0F21AC443D4001318C6 /* Vector.cpp */; };
		1955D0FE1AC445BC001318C6 /* MapController.cpp in Sources */ = {isa = PBXBuildFile; fileRef = 1955D0F81AC445BC001318C6 /* MapController.cpp */; };
		1955D1031AC46E4C001318C6 /* OpenGL.framework in Frameworks */ = {isa = PBXBuildFile; fileRef = 1955D1021AC46E4C001318C6 /* OpenGL.framework */; };
		1987ED3B1AF136C9007BACE5 /* b2BroadPhase.cpp in Sources */ = {isa = PBXBuildFile; fileRef = 1987ECF01AF136C9007BACE5 /* b2BroadPhase.cpp */; };
		1987ED3C1AF136C9007BACE5 /* b2CollideCircle.cpp in Sources */ = {isa = PBXBuildFile; fileRef = 1987ECF21AF136C9007BACE5 /* b2CollideCircle.cpp */; };
		1987ED3D1AF136C9007BACE5 /* b2CollidePolygon.cpp in Sources */ = {isa = PBXBuildFile; fileRef = 1987ECF31AF136C9007BACE5 /* b2CollidePolygon.cpp */; };
		1987ED3E1AF136C9007BACE5 /* b2Collision.cpp in Sources */ = {isa = PBXBuildFile; fileRef = 1987ECF41AF136C9007BACE5 /* b2Collision.cpp */; };
		1987ED3F1AF136C9007BACE5 /* b2Distance.cpp in Sources */ = {isa = PBXBuildFile; fileRef = 1987ECF61AF136C9007BACE5 /* b2Distance.cpp */; };
		1987ED401AF136C9007BACE5 /* b2DynamicTree.cpp in Sources */ = {isa = PBXBuildFile; fileRef = 1987ECF81AF136C9007BACE5 /* b2DynamicTree.cpp */; };
		1987ED411AF136C9007BACE5 /* b2TimeOfImpact.cpp in Sources */ = {isa = PBXBuildFile; fileRef = 1987ECFA1AF136C9007BACE5 /* b2TimeOfImpact.cpp */; };
		1987ED421AF136C9007BACE5 /* b2CircleShape.cpp in Sources */ = {isa = PBXBuildFile; fileRef = 1987ECFD1AF136C9007BACE5 /* b2CircleShape.cpp */; };
		1987ED431AF136C9007BACE5 /* b2PolygonShape.cpp in Sources */ = {isa = PBXBuildFile; fileRef = 1987ECFF1AF136C9007BACE5 /* b2PolygonShape.cpp */; };
		1987ED441AF136C9007BACE5 /* b2BlockAllocator.cpp in Sources */ = {isa = PBXBuildFile; fileRef = 1987ED031AF136C9007BACE5 /* b2BlockAllocator.cpp */; };
		1987ED451AF136C9007BACE5 /* b2Math.cpp in Sources */ = {isa = PBXBuildFile; fileRef = 1987ED051AF136C9007BACE5 /* b2Math.cpp */; };
		1987ED461AF136C9007BACE5 /* b2Settings.cpp in Sources */ = {isa = PBXBuildFile; fileRef = 1987ED071AF136C9007BACE5 /* b2Settings.cpp */; };
		1987ED471AF136C9007BACE5 /* b2StackAllocator.cpp in Sources */ = {isa = PBXBuildFile; fileRef = 1987ED091AF136C9007BACE5 /* b2StackAllocator.cpp */; };
		1987ED481AF136C9007BACE5 /* b2Body.cpp in Sources */ = {isa = PBXBuildFile; fileRef = 1987ED0C1AF136C9007BACE5 /* b2Body.cpp */; };
		1987ED491AF136C9007BACE5 /* b2ContactManager.cpp in Sources */ = {isa = PBXBuildFile; fileRef = 1987ED0E1AF136C9007BACE5 /* b2ContactManager.cpp */; };
		1987ED4A1AF136C9007BACE5 /* b2Fixture.cpp in Sources */ = {isa = PBXBuildFile; fileRef = 1987ED101AF136C9007BACE5 /* b2Fixture.cpp */; };
		1987ED4B1AF136C9007BACE5 /* b2Island.cpp in Sources */ = {isa = PBXBuildFile; fileRef = 1987ED121AF136C9007BACE5 /* b2Island.cpp */; };
		1987ED4C1AF136C9007BACE5 /* b2World.cpp in Sources */ = {isa = PBXBuildFile; fileRef = 1987ED151AF136C9007BACE5 /* b2World.cpp */; };
		1987ED4D1AF136C9007BACE5 /* b2WorldCallbacks.cpp in Sources */ = {isa = PBXBuildFile; fileRef = 1987ED171AF136C9007BACE5 /* b2WorldCallbacks.cpp */; };
		1987ED4E1AF136C9007BACE5 /* b2CircleContact.cpp in Sources */ = {isa = PBXBuildFile; fileRef = 1987ED1A1AF136C9007BACE5 /* b2CircleContact.cpp */; };
		1987ED4F1AF136C9007BACE5 /* b2Contact.cpp in Sources */ = {isa = PBXBuildFile; fileRef = 1987ED1C1AF136C9007BACE5 /* b2Contact.cpp */; };
		1987ED501AF136C9007BACE5 /* b2ContactSolver.cpp in Sources */ = {isa = PBXBuildFile; fileRef = 1987ED1E1AF136C9007BACE5 /* b2ContactSolver.cpp */; };
		1987ED511AF136C9007BACE5 /* b2PolygonAndCircleContact.cpp in Sources */ = {isa = PBXBuildFile; fileRef = 1987ED201AF136C9007BACE5 /* b2PolygonAndCircleContact.cpp */; };
		1987ED521AF136C9007BACE5 /* b2PolygonContact.cpp in Sources */ = {isa = PBXBuildFile; fileRef = 1987ED221AF136C9007BACE5 /* b2PolygonContact.cpp */; };
		1987ED531AF136C9007BACE5 /* b2TOISolver.cpp in Sources */ = {isa = PBXBuildFile; fileRef = 1987ED241AF136C9007BACE5 /* b2TOISolver.cpp */; };
		1987ED541AF136C9007BACE5 /* b2DistanceJoint.cpp in Sources */ = {isa = PBXBuildFile; fileRef = 1987ED271AF136C9007BACE5 /* b2DistanceJoint.cpp */; };
		1987ED551AF136C9007BACE5 /* b2FrictionJoint.cpp in Sources */ = {isa = PBXBuildFile; fileRef = 1987ED291AF136C9007BACE5 /* b2FrictionJoint.cpp */; };
		1987ED561AF136C9007BACE5 /* b2GearJoint.cpp in Sources */ = {isa = PBXBuildFile; fileRef = 1987ED2B1AF136C9007BACE5 /* b2GearJoint.cpp */; };
		1987ED571AF136C9007BACE5 /* b2Joint.cpp in Sources */ = {isa = PBXBuildFile; fileRef = 1987ED2D1AF136C9007BACE5 /* b2Joint.cpp */; };
		1987ED581AF136C9007BACE5 /* b2LineJoint.cpp in Sources */ = {isa = PBXBuildFile; fileRef = 1987ED2F1AF136C9007BACE5 /* b2LineJoint.cpp */; };
		1987ED591AF136C9007BACE5 /* b2MouseJoint.cpp in Sources */ = {isa = PBXBuildFile; fileRef = 1987ED311AF136C9007BACE5 /* b2MouseJoint.cpp */; };
		1987ED5A1AF136C9007BACE5 /* b2PrismaticJoint.cpp in Sources */ = {isa = PBXBuildFile; fileRef = 1987ED331AF136C9007BACE5 /* b2PrismaticJoint.cpp */; };
		1987ED5B1AF136C9007BACE5 /* b2PulleyJoint.cpp in Sources */ = {isa = PBXBuildFile; fileRef = 1987ED351AF136C9007BACE5 /* b2PulleyJoint.cpp */; };
		1987ED5C1AF136C9007BACE5 /* b2RevoluteJoint.cpp in Sources */ = {isa = PBXBuildFile; fileRef = 1987ED371AF136C9007BACE5 /* b2RevoluteJoint.cpp */; };
		1987ED5D1AF136C9007BACE5 /* b2WeldJoint.cpp in Sources */ = {isa = PBXBuildFile; fileRef = 1987ED391AF136C9007BACE5 /* b2WeldJoint.cpp */; };
		19ABB1B01B14988000E7B623 /* KDTree.cpp in Sources */ = {isa = PBXBuildFile; fileRef = 19ABB1AF1B14988000E7B623 /* KDTree.cpp */; };
		19FF13FB1B047AC8008B91F2 /* GlobalConfig.cpp in Sources */ = {isa = PBXBuildFile; fileRef = 19FF13F91B047AC8008B91F2 /* GlobalConfig.cpp */; };
		19FF13FD1B049C5E008B91F2 /* Agent.cpp in Sources */ = {isa = PBXBuildFile; fileRef = 19FF13FC1B049C5E008B91F2 /* Agent.cpp */; };
/* End PBXBuildFile section */

/* Begin PBXCopyFilesBuildPhase section */
		1955D0E31AC44362001318C6 /* CopyFiles */ = {
			isa = PBXCopyFilesBuildPhase;
			buildActionMask = 2147483647;
			dstPath = /usr/share/man/man1/;
			dstSubfolderSpec = 0;
			files = (
			);
			runOnlyForDeploymentPostprocessing = 1;
		};
/* End PBXCopyFilesBuildPhase section */

/* Begin PBXFileReference section */
		191246221B0DC7EB00742914 /* KDNode.h */ = {isa = PBXFileReference; lastKnownFileType = sourcecode.c.h; path = KDNode.h; sourceTree = "<group>"; };
		191E6C5B1B1D4249009F8702 /* KDObstacle.cpp */ = {isa = PBXFileReference; fileEncoding = 4; lastKnownFileType = sourcecode.cpp.cpp; path = KDObstacle.cpp; sourceTree = "<group>"; };
		191E6C5C1B1D4249009F8702 /* KDObstacle.h */ = {isa = PBXFileReference; fileEncoding = 4; lastKnownFileType = sourcecode.c.h; path = KDObstacle.h; sourceTree = "<group>"; };
		1955D0E51AC44362001318C6 /* Crowd Simulation */ = {isa = PBXFileReference; explicitFileType = "compiled.mach-o.executable"; includeInIndex = 0; path = "Crowd Simulation"; sourceTree = BUILT_PRODUCTS_DIR; };
		1955D0E81AC44362001318C6 /* main.cpp */ = {isa = PBXFileReference; lastKnownFileType = sourcecode.cpp.cpp; path = main.cpp; sourceTree = "<group>"; };
		1955D0EF1AC44379001318C6 /* GLUT.framework */ = {isa = PBXFileReference; lastKnownFileType = wrapper.framework; name = GLUT.framework; path = System/Library/Frameworks/GLUT.framework; sourceTree = SDKROOT; };
		1955D0F21AC443D4001318C6 /* Vector.cpp */ = {isa = PBXFileReference; fileEncoding = 4; lastKnownFileType = sourcecode.cpp.cpp; path = Vector.cpp; sourceTree = "<group>"; };
		1955D0F31AC443D4001318C6 /* Vector.h */ = {isa = PBXFileReference; fileEncoding = 4; lastKnownFileType = sourcecode.c.h; path = Vector.h; sourceTree = "<group>"; };
		1955D0F81AC445BC001318C6 /* MapController.cpp */ = {isa = PBXFileReference; fileEncoding = 4; lastKnownFileType = sourcecode.cpp.cpp; path = MapController.cpp; sourceTree = "<group>"; };
		1955D0F91AC445BC001318C6 /* MapController.h */ = {isa = PBXFileReference; fileEncoding = 4; lastKnownFileType = sourcecode.c.h; path = MapController.h; sourceTree = "<group>"; };
		1955D1021AC46E4C001318C6 /* OpenGL.framework */ = {isa = PBXFileReference; lastKnownFileType = wrapper.framework; name = OpenGL.framework; path = System/Library/Frameworks/OpenGL.framework; sourceTree = SDKROOT; };
		196734C31AEFEEA200765E4F /* MathLib.h */ = {isa = PBXFileReference; lastKnownFileType = sourcecode.c.h; path = MathLib.h; sourceTree = "<group>"; };
		1970B60C1AFB89F60026A84C /* CostNode.h */ = {isa = PBXFileReference; lastKnownFileType = sourcecode.c.h; path = CostNode.h; sourceTree = "<group>"; };
		1987ECEC1AF136C9007BACE5 /* Box2D.h */ = {isa = PBXFileReference; fileEncoding = 4; lastKnownFileType = sourcecode.c.h; path = Box2D.h; sourceTree = "<group>"; };
		1987ECED1AF136C9007BACE5 /* Box2DConfig.cmake */ = {isa = PBXFileReference; fileEncoding = 4; lastKnownFileType = text; path = Box2DConfig.cmake; sourceTree = "<group>"; };
		1987ECEE1AF136C9007BACE5 /* CMakeLists.txt */ = {isa = PBXFileReference; fileEncoding = 4; lastKnownFileType = text; path = CMakeLists.txt; sourceTree = "<group>"; };
		1987ECF01AF136C9007BACE5 /* b2BroadPhase.cpp */ = {isa = PBXFileReference; fileEncoding = 4; lastKnownFileType = sourcecode.cpp.cpp; path = b2BroadPhase.cpp; sourceTree = "<group>"; };
		1987ECF11AF136C9007BACE5 /* b2BroadPhase.h */ = {isa = PBXFileReference; fileEncoding = 4; lastKnownFileType = sourcecode.c.h; path = b2BroadPhase.h; sourceTree = "<group>"; };
		1987ECF21AF136C9007BACE5 /* b2CollideCircle.cpp */ = {isa = PBXFileReference; fileEncoding = 4; lastKnownFileType = sourcecode.cpp.cpp; path = b2CollideCircle.cpp; sourceTree = "<group>"; };
		1987ECF31AF136C9007BACE5 /* b2CollidePolygon.cpp */ = {isa = PBXFileReference; fileEncoding = 4; lastKnownFileType = sourcecode.cpp.cpp; path = b2CollidePolygon.cpp; sourceTree = "<group>"; };
		1987ECF41AF136C9007BACE5 /* b2Collision.cpp */ = {isa = PBXFileReference; fileEncoding = 4; lastKnownFileType = sourcecode.cpp.cpp; path = b2Collision.cpp; sourceTree = "<group>"; };
		1987ECF51AF136C9007BACE5 /* b2Collision.h */ = {isa = PBXFileReference; fileEncoding = 4; lastKnownFileType = sourcecode.c.h; path = b2Collision.h; sourceTree = "<group>"; };
		1987ECF61AF136C9007BACE5 /* b2Distance.cpp */ = {isa = PBXFileReference; fileEncoding = 4; lastKnownFileType = sourcecode.cpp.cpp; path = b2Distance.cpp; sourceTree = "<group>"; };
		1987ECF71AF136C9007BACE5 /* b2Distance.h */ = {isa = PBXFileReference; fileEncoding = 4; lastKnownFileType = sourcecode.c.h; path = b2Distance.h; sourceTree = "<group>"; };
		1987ECF81AF136C9007BACE5 /* b2DynamicTree.cpp */ = {isa = PBXFileReference; fileEncoding = 4; lastKnownFileType = sourcecode.cpp.cpp; path = b2DynamicTree.cpp; sourceTree = "<group>"; };
		1987ECF91AF136C9007BACE5 /* b2DynamicTree.h */ = {isa = PBXFileReference; fileEncoding = 4; lastKnownFileType = sourcecode.c.h; path = b2DynamicTree.h; sourceTree = "<group>"; };
		1987ECFA1AF136C9007BACE5 /* b2TimeOfImpact.cpp */ = {isa = PBXFileReference; fileEncoding = 4; lastKnownFileType = sourcecode.cpp.cpp; path = b2TimeOfImpact.cpp; sourceTree = "<group>"; };
		1987ECFB1AF136C9007BACE5 /* b2TimeOfImpact.h */ = {isa = PBXFileReference; fileEncoding = 4; lastKnownFileType = sourcecode.c.h; path = b2TimeOfImpact.h; sourceTree = "<group>"; };
		1987ECFD1AF136C9007BACE5 /* b2CircleShape.cpp */ = {isa = PBXFileReference; fileEncoding = 4; lastKnownFileType = sourcecode.cpp.cpp; path = b2CircleShape.cpp; sourceTree = "<group>"; };
		1987ECFE1AF136C9007BACE5 /* b2CircleShape.h */ = {isa = PBXFileReference; fileEncoding = 4; lastKnownFileType = sourcecode.c.h; path = b2CircleShape.h; sourceTree = "<group>"; };
		1987ECFF1AF136C9007BACE5 /* b2PolygonShape.cpp */ = {isa = PBXFileReference; fileEncoding = 4; lastKnownFileType = sourcecode.cpp.cpp; path = b2PolygonShape.cpp; sourceTree = "<group>"; };
		1987ED001AF136C9007BACE5 /* b2PolygonShape.h */ = {isa = PBXFileReference; fileEncoding = 4; lastKnownFileType = sourcecode.c.h; path = b2PolygonShape.h; sourceTree = "<group>"; };
		1987ED011AF136C9007BACE5 /* b2Shape.h */ = {isa = PBXFileReference; fileEncoding = 4; lastKnownFileType = sourcecode.c.h; path = b2Shape.h; sourceTree = "<group>"; };
		1987ED031AF136C9007BACE5 /* b2BlockAllocator.cpp */ = {isa = PBXFileReference; fileEncoding = 4; lastKnownFileType = sourcecode.cpp.cpp; path = b2BlockAllocator.cpp; sourceTree = "<group>"; };
		1987ED041AF136C9007BACE5 /* b2BlockAllocator.h */ = {isa = PBXFileReference; fileEncoding = 4; lastKnownFileType = sourcecode.c.h; path = b2BlockAllocator.h; sourceTree = "<group>"; };
		1987ED051AF136C9007BACE5 /* b2Math.cpp */ = {isa = PBXFileReference; fileEncoding = 4; lastKnownFileType = sourcecode.cpp.cpp; path = b2Math.cpp; sourceTree = "<group>"; };
		1987ED061AF136C9007BACE5 /* b2Math.h */ = {isa = PBXFileReference; fileEncoding = 4; lastKnownFileType = sourcecode.c.h; path = b2Math.h; sourceTree = "<group>"; };
		1987ED071AF136C9007BACE5 /* b2Settings.cpp */ = {isa = PBXFileReference; fileEncoding = 4; lastKnownFileType = sourcecode.cpp.cpp; path = b2Settings.cpp; sourceTree = "<group>"; };
		1987ED081AF136C9007BACE5 /* b2Settings.h */ = {isa = PBXFileReference; fileEncoding = 4; lastKnownFileType = sourcecode.c.h; path = b2Settings.h; sourceTree = "<group>"; };
		1987ED091AF136C9007BACE5 /* b2StackAllocator.cpp */ = {isa = PBXFileReference; fileEncoding = 4; lastKnownFileType = sourcecode.cpp.cpp; path = b2StackAllocator.cpp; sourceTree = "<group>"; };
		1987ED0A1AF136C9007BACE5 /* b2StackAllocator.h */ = {isa = PBXFileReference; fileEncoding = 4; lastKnownFileType = sourcecode.c.h; path = b2StackAllocator.h; sourceTree = "<group>"; };
		1987ED0C1AF136C9007BACE5 /* b2Body.cpp */ = {isa = PBXFileReference; fileEncoding = 4; lastKnownFileType = sourcecode.cpp.cpp; path = b2Body.cpp; sourceTree = "<group>"; };
		1987ED0D1AF136C9007BACE5 /* b2Body.h */ = {isa = PBXFileReference; fileEncoding = 4; lastKnownFileType = sourcecode.c.h; path = b2Body.h; sourceTree = "<group>"; };
		1987ED0E1AF136C9007BACE5 /* b2ContactManager.cpp */ = {isa = PBXFileReference; fileEncoding = 4; lastKnownFileType = sourcecode.cpp.cpp; path = b2ContactManager.cpp; sourceTree = "<group>"; };
		1987ED0F1AF136C9007BACE5 /* b2ContactManager.h */ = {isa = PBXFileReference; fileEncoding = 4; lastKnownFileType = sourcecode.c.h; path = b2ContactManager.h; sourceTree = "<group>"; };
		1987ED101AF136C9007BACE5 /* b2Fixture.cpp */ = {isa = PBXFileReference; fileEncoding = 4; lastKnownFileType = sourcecode.cpp.cpp; path = b2Fixture.cpp; sourceTree = "<group>"; };
		1987ED111AF136C9007BACE5 /* b2Fixture.h */ = {isa = PBXFileReference; fileEncoding = 4; lastKnownFileType = sourcecode.c.h; path = b2Fixture.h; sourceTree = "<group>"; };
		1987ED121AF136C9007BACE5 /* b2Island.cpp */ = {isa = PBXFileReference; fileEncoding = 4; lastKnownFileType = sourcecode.cpp.cpp; path = b2Island.cpp; sourceTree = "<group>"; };
		1987ED131AF136C9007BACE5 /* b2Island.h */ = {isa = PBXFileReference; fileEncoding = 4; lastKnownFileType = sourcecode.c.h; path = b2Island.h; sourceTree = "<group>"; };
		1987ED141AF136C9007BACE5 /* b2TimeStep.h */ = {isa = PBXFileReference; fileEncoding = 4; lastKnownFileType = sourcecode.c.h; path = b2TimeStep.h; sourceTree = "<group>"; };
		1987ED151AF136C9007BACE5 /* b2World.cpp */ = {isa = PBXFileReference; fileEncoding = 4; lastKnownFileType = sourcecode.cpp.cpp; path = b2World.cpp; sourceTree = "<group>"; };
		1987ED161AF136C9007BACE5 /* b2World.h */ = {isa = PBXFileReference; fileEncoding = 4; lastKnownFileType = sourcecode.c.h; path = b2World.h; sourceTree = "<group>"; };
		1987ED171AF136C9007BACE5 /* b2WorldCallbacks.cpp */ = {isa = PBXFileReference; fileEncoding = 4; lastKnownFileType = sourcecode.cpp.cpp; path = b2WorldCallbacks.cpp; sourceTree = "<group>"; };
		1987ED181AF136C9007BACE5 /* b2WorldCallbacks.h */ = {isa = PBXFileReference; fileEncoding = 4; lastKnownFileType = sourcecode.c.h; path = b2WorldCallbacks.h; sourceTree = "<group>"; };
		1987ED1A1AF136C9007BACE5 /* b2CircleContact.cpp */ = {isa = PBXFileReference; fileEncoding = 4; lastKnownFileType = sourcecode.cpp.cpp; path = b2CircleContact.cpp; sourceTree = "<group>"; };
		1987ED1B1AF136C9007BACE5 /* b2CircleContact.h */ = {isa = PBXFileReference; fileEncoding = 4; lastKnownFileType = sourcecode.c.h; path = b2CircleContact.h; sourceTree = "<group>"; };
		1987ED1C1AF136C9007BACE5 /* b2Contact.cpp */ = {isa = PBXFileReference; fileEncoding = 4; lastKnownFileType = sourcecode.cpp.cpp; path = b2Contact.cpp; sourceTree = "<group>"; };
		1987ED1D1AF136C9007BACE5 /* b2Contact.h */ = {isa = PBXFileReference; fileEncoding = 4; lastKnownFileType = sourcecode.c.h; path = b2Contact.h; sourceTree = "<group>"; };
		1987ED1E1AF136C9007BACE5 /* b2ContactSolver.cpp */ = {isa = PBXFileReference; fileEncoding = 4; lastKnownFileType = sourcecode.cpp.cpp; path = b2ContactSolver.cpp; sourceTree = "<group>"; };
		1987ED1F1AF136C9007BACE5 /* b2ContactSolver.h */ = {isa = PBXFileReference; fileEncoding = 4; lastKnownFileType = sourcecode.c.h; path = b2ContactSolver.h; sourceTree = "<group>"; };
		1987ED201AF136C9007BACE5 /* b2PolygonAndCircleContact.cpp */ = {isa = PBXFileReference; fileEncoding = 4; lastKnownFileType = sourcecode.cpp.cpp; path = b2PolygonAndCircleContact.cpp; sourceTree = "<group>"; };
		1987ED211AF136C9007BACE5 /* b2PolygonAndCircleContact.h */ = {isa = PBXFileReference; fileEncoding = 4; lastKnownFileType = sourcecode.c.h; path = b2PolygonAndCircleContact.h; sourceTree = "<group>"; };
		1987ED221AF136C9007BACE5 /* b2PolygonContact.cpp */ = {isa = PBXFileReference; fileEncoding = 4; lastKnownFileType = sourcecode.cpp.cpp; path = b2PolygonContact.cpp; sourceTree = "<group>"; };
		1987ED231AF136C9007BACE5 /* b2PolygonContact.h */ = {isa = PBXFileReference; fileEncoding = 4; lastKnownFileType = sourcecode.c.h; path = b2PolygonContact.h; sourceTree = "<group>"; };
		1987ED241AF136C9007BACE5 /* b2TOISolver.cpp */ = {isa = PBXFileReference; fileEncoding = 4; lastKnownFileType = sourcecode.cpp.cpp; path = b2TOISolver.cpp; sourceTree = "<group>"; };
		1987ED251AF136C9007BACE5 /* b2TOISolver.h */ = {isa = PBXFileReference; fileEncoding = 4; lastKnownFileType = sourcecode.c.h; path = b2TOISolver.h; sourceTree = "<group>"; };
		1987ED271AF136C9007BACE5 /* b2DistanceJoint.cpp */ = {isa = PBXFileReference; fileEncoding = 4; lastKnownFileType = sourcecode.cpp.cpp; path = b2DistanceJoint.cpp; sourceTree = "<group>"; };
		1987ED281AF136C9007BACE5 /* b2DistanceJoint.h */ = {isa = PBXFileReference; fileEncoding = 4; lastKnownFileType = sourcecode.c.h; path = b2DistanceJoint.h; sourceTree = "<group>"; };
		1987ED291AF136C9007BACE5 /* b2FrictionJoint.cpp */ = {isa = PBXFileReference; fileEncoding = 4; lastKnownFileType = sourcecode.cpp.cpp; path = b2FrictionJoint.cpp; sourceTree = "<group>"; };
		1987ED2A1AF136C9007BACE5 /* b2FrictionJoint.h */ = {isa = PBXFileReference; fileEncoding = 4; lastKnownFileType = sourcecode.c.h; path = b2FrictionJoint.h; sourceTree = "<group>"; };
		1987ED2B1AF136C9007BACE5 /* b2GearJoint.cpp */ = {isa = PBXFileReference; fileEncoding = 4; lastKnownFileType = sourcecode.cpp.cpp; path = b2GearJoint.cpp; sourceTree = "<group>"; };
		1987ED2C1AF136C9007BACE5 /* b2GearJoint.h */ = {isa = PBXFileReference; fileEncoding = 4; lastKnownFileType = sourcecode.c.h; path = b2GearJoint.h; sourceTree = "<group>"; };
		1987ED2D1AF136C9007BACE5 /* b2Joint.cpp */ = {isa = PBXFileReference; fileEncoding = 4; lastKnownFileType = sourcecode.cpp.cpp; path = b2Joint.cpp; sourceTree = "<group>"; };
		1987ED2E1AF136C9007BACE5 /* b2Joint.h */ = {isa = PBXFileReference; fileEncoding = 4; lastKnownFileType = sourcecode.c.h; path = b2Joint.h; sourceTree = "<group>"; };
		1987ED2F1AF136C9007BACE5 /* b2LineJoint.cpp */ = {isa = PBXFileReference; fileEncoding = 4; lastKnownFileType = sourcecode.cpp.cpp; path = b2LineJoint.cpp; sourceTree = "<group>"; };
		1987ED301AF136C9007BACE5 /* b2LineJoint.h */ = {isa = PBXFileReference; fileEncoding = 4; lastKnownFileType = sourcecode.c.h; path = b2LineJoint.h; sourceTree = "<group>"; };
		1987ED311AF136C9007BACE5 /* b2MouseJoint.cpp */ = {isa = PBXFileReference; fileEncoding = 4; lastKnownFileType = sourcecode.cpp.cpp; path = b2MouseJoint.cpp; sourceTree = "<group>"; };
		1987ED321AF136C9007BACE5 /* b2MouseJoint.h */ = {isa = PBXFileReference; fileEncoding = 4; lastKnownFileType = sourcecode.c.h; path = b2MouseJoint.h; sourceTree = "<group>"; };
		1987ED331AF136C9007BACE5 /* b2PrismaticJoint.cpp */ = {isa = PBXFileReference; fileEncoding = 4; lastKnownFileType = sourcecode.cpp.cpp; path = b2PrismaticJoint.cpp; sourceTree = "<group>"; };
		1987ED341AF136C9007BACE5 /* b2PrismaticJoint.h */ = {isa = PBXFileReference; fileEncoding = 4; lastKnownFileType = sourcecode.c.h; path = b2PrismaticJoint.h; sourceTree = "<group>"; };
		1987ED351AF136C9007BACE5 /* b2PulleyJoint.cpp */ = {isa = PBXFileReference; fileEncoding = 4; lastKnownFileType = sourcecode.cpp.cpp; path = b2PulleyJoint.cpp; sourceTree = "<group>"; };
		1987ED361AF136C9007BACE5 /* b2PulleyJoint.h */ = {isa = PBXFileReference; fileEncoding = 4; lastKnownFileType = sourcecode.c.h; path = b2PulleyJoint.h; sourceTree = "<group>"; };
		1987ED371AF136C9007BACE5 /* b2RevoluteJoint.cpp */ = {isa = PBXFileReference; fileEncoding = 4; lastKnownFileType = sourcecode.cpp.cpp; path = b2RevoluteJoint.cpp; sourceTree = "<group>"; };
		1987ED381AF136C9007BACE5 /* b2RevoluteJoint.h */ = {isa = PBXFileReference; fileEncoding = 4; lastKnownFileType = sourcecode.c.h; path = b2RevoluteJoint.h; sourceTree = "<group>"; };
		1987ED391AF136C9007BACE5 /* b2WeldJoint.cpp */ = {isa = PBXFileReference; fileEncoding = 4; lastKnownFileType = sourcecode.cpp.cpp; path = b2WeldJoint.cpp; sourceTree = "<group>"; };
		1987ED3A1AF136C9007BACE5 /* b2WeldJoint.h */ = {isa = PBXFileReference; fileEncoding = 4; lastKnownFileType = sourcecode.c.h; path = b2WeldJoint.h; sourceTree = "<group>"; };
		19ABB1AD1B148B6A00E7B623 /* KDTuple.h */ = {isa = PBXFileReference; lastKnownFileType = sourcecode.c.h; path = KDTuple.h; sourceTree = "<group>"; };
		19ABB1AE1B1492F200E7B623 /* KDTree.h */ = {isa = PBXFileReference; lastKnownFileType = sourcecode.c.h; path = KDTree.h; sourceTree = "<group>"; };
		19ABB1AF1B14988000E7B623 /* KDTree.cpp */ = {isa = PBXFileReference; fileEncoding = 4; lastKnownFileType = sourcecode.cpp.cpp; path = KDTree.cpp; sourceTree = "<group>"; };
		19AC4BD81AF67B9E009831BA /* B2Vec2DHelper.h */ = {isa = PBXFileReference; fileEncoding = 4; lastKnownFileType = sourcecode.c.h; path = B2Vec2DHelper.h; sourceTree = "<group>"; };
		19B4F55B1B1DF63600276510 /* VirtualNode.h */ = {isa = PBXFileReference; lastKnownFileType = sourcecode.c.h; path = VirtualNode.h; sourceTree = "<group>"; };
		19FF13F81B0466C0008B91F2 /* Agent.h */ = {isa = PBXFileReference; lastKnownFileType = sourcecode.c.h; path = Agent.h; sourceTree = "<group>"; };
		19FF13F91B047AC8008B91F2 /* GlobalConfig.cpp */ = {isa = PBXFileReference; fileEncoding = 4; lastKnownFileType = sourcecode.cpp.cpp; path = GlobalConfig.cpp; sourceTree = "<group>"; };
		19FF13FA1B047AC8008B91F2 /* GlobalConfig.h */ = {isa = PBXFileReference; fileEncoding = 4; lastKnownFileType = sourcecode.c.h; path = GlobalConfig.h; sourceTree = "<group>"; };
		19FF13FC1B049C5E008B91F2 /* Agent.cpp */ = {isa = PBXFileReference; fileEncoding = 4; lastKnownFileType = sourcecode.cpp.cpp; path = Agent.cpp; sourceTree = "<group>"; };
/* End PBXFileReference section */

/* Begin PBXFrameworksBuildPhase section */
		1955D0E21AC44362001318C6 /* Frameworks */ = {
			isa = PBXFrameworksBuildPhase;
			buildActionMask = 2147483647;
			files = (
				1955D1031AC46E4C001318C6 /* OpenGL.framework in Frameworks */,
				1955D0F01AC44379001318C6 /* GLUT.framework in Frameworks */,
			);
			runOnlyForDeploymentPostprocessing = 0;
		};
/* End PBXFrameworksBuildPhase section */

/* Begin PBXGroup section */
		1955D0DC1AC44362001318C6 = {
			isa = PBXGroup;
			children = (
				1987ECEB1AF136C9007BACE5 /* Box2D */,
				1955D1021AC46E4C001318C6 /* OpenGL.framework */,
				1955D0EF1AC44379001318C6 /* GLUT.framework */,
				1955D0E71AC44362001318C6 /* Crowd Simulation */,
				1955D0E61AC44362001318C6 /* Products */,
			);
			sourceTree = "<group>";
		};
		1955D0E61AC44362001318C6 /* Products */ = {
			isa = PBXGroup;
			children = (
				1955D0E51AC44362001318C6 /* Crowd Simulation */,
			);
			name = Products;
			sourceTree = "<group>";
		};
		1955D0E71AC44362001318C6 /* Crowd Simulation */ = {
			isa = PBXGroup;
			children = (
				19A802F41AD29B5400CC6FBC /* Object */,
				1955D1011AC445BF001318C6 /* App */,
				1955D0F11AC443C5001318C6 /* Foundation */,
				1955D0E81AC44362001318C6 /* main.cpp */,
			);
			path = "Crowd Simulation";
			sourceTree = "<group>";
		};
		1955D0F11AC443C5001318C6 /* Foundation */ = {
			isa = PBXGroup;
			children = (
				19ABB1AC1B148B4900E7B623 /* KDTree */,
				1955D0F21AC443D4001318C6 /* Vector.cpp */,
				1955D0F31AC443D4001318C6 /* Vector.h */,
				196734C31AEFEEA200765E4F /* MathLib.h */,
			);
			name = Foundation;
			sourceTree = "<group>";
		};
		1955D1011AC445BF001318C6 /* App */ = {
			isa = PBXGroup;
			children = (
				1955D0F81AC445BC001318C6 /* MapController.cpp */,
				1955D0F91AC445BC001318C6 /* MapController.h */,
			);
			name = App;
			sourceTree = "<group>";
		};
		1987ECEB1AF136C9007BACE5 /* Box2D */ = {
			isa = PBXGroup;
			children = (
				19AC4BD81AF67B9E009831BA /* B2Vec2DHelper.h */,
				1987ECEC1AF136C9007BACE5 /* Box2D.h */,
				1987ECED1AF136C9007BACE5 /* Box2DConfig.cmake */,
				1987ECEE1AF136C9007BACE5 /* CMakeLists.txt */,
				1987ECEF1AF136C9007BACE5 /* Collision */,
				1987ED021AF136C9007BACE5 /* Common */,
				1987ED0B1AF136C9007BACE5 /* Dynamics */,
			);
			name = Box2D;
			path = ../../../Downloads/Box2D_v2.1.2/Box2D/Box2D;
			sourceTree = "<group>";
		};
		1987ECEF1AF136C9007BACE5 /* Collision */ = {
			isa = PBXGroup;
			children = (
				1987ECF01AF136C9007BACE5 /* b2BroadPhase.cpp */,
				1987ECF11AF136C9007BACE5 /* b2BroadPhase.h */,
				1987ECF21AF136C9007BACE5 /* b2CollideCircle.cpp */,
				1987ECF31AF136C9007BACE5 /* b2CollidePolygon.cpp */,
				1987ECF41AF136C9007BACE5 /* b2Collision.cpp */,
				1987ECF51AF136C9007BACE5 /* b2Collision.h */,
				1987ECF61AF136C9007BACE5 /* b2Distance.cpp */,
				1987ECF71AF136C9007BACE5 /* b2Distance.h */,
				1987ECF81AF136C9007BACE5 /* b2DynamicTree.cpp */,
				1987ECF91AF136C9007BACE5 /* b2DynamicTree.h */,
				1987ECFA1AF136C9007BACE5 /* b2TimeOfImpact.cpp */,
				1987ECFB1AF136C9007BACE5 /* b2TimeOfImpact.h */,
				1987ECFC1AF136C9007BACE5 /* Shapes */,
			);
			path = Collision;
			sourceTree = "<group>";
		};
		1987ECFC1AF136C9007BACE5 /* Shapes */ = {
			isa = PBXGroup;
			children = (
				1987ECFD1AF136C9007BACE5 /* b2CircleShape.cpp */,
				1987ECFE1AF136C9007BACE5 /* b2CircleShape.h */,
				1987ECFF1AF136C9007BACE5 /* b2PolygonShape.cpp */,
				1987ED001AF136C9007BACE5 /* b2PolygonShape.h */,
				1987ED011AF136C9007BACE5 /* b2Shape.h */,
			);
			path = Shapes;
			sourceTree = "<group>";
		};
		1987ED021AF136C9007BACE5 /* Common */ = {
			isa = PBXGroup;
			children = (
				1987ED031AF136C9007BACE5 /* b2BlockAllocator.cpp */,
				1987ED041AF136C9007BACE5 /* b2BlockAllocator.h */,
				1987ED051AF136C9007BACE5 /* b2Math.cpp */,
				1987ED061AF136C9007BACE5 /* b2Math.h */,
				1987ED071AF136C9007BACE5 /* b2Settings.cpp */,
				1987ED081AF136C9007BACE5 /* b2Settings.h */,
				1987ED091AF136C9007BACE5 /* b2StackAllocator.cpp */,
				1987ED0A1AF136C9007BACE5 /* b2StackAllocator.h */,
			);
			path = Common;
			sourceTree = "<group>";
		};
		1987ED0B1AF136C9007BACE5 /* Dynamics */ = {
			isa = PBXGroup;
			children = (
				1987ED0C1AF136C9007BACE5 /* b2Body.cpp */,
				1987ED0D1AF136C9007BACE5 /* b2Body.h */,
				1987ED0E1AF136C9007BACE5 /* b2ContactManager.cpp */,
				1987ED0F1AF136C9007BACE5 /* b2ContactManager.h */,
				1987ED101AF136C9007BACE5 /* b2Fixture.cpp */,
				1987ED111AF136C9007BACE5 /* b2Fixture.h */,
				1987ED121AF136C9007BACE5 /* b2Island.cpp */,
				1987ED131AF136C9007BACE5 /* b2Island.h */,
				1987ED141AF136C9007BACE5 /* b2TimeStep.h */,
				1987ED151AF136C9007BACE5 /* b2World.cpp */,
				1987ED161AF136C9007BACE5 /* b2World.h */,
				1987ED171AF136C9007BACE5 /* b2WorldCallbacks.cpp */,
				1987ED181AF136C9007BACE5 /* b2WorldCallbacks.h */,
				1987ED191AF136C9007BACE5 /* Contacts */,
				1987ED261AF136C9007BACE5 /* Joints */,
			);
			path = Dynamics;
			sourceTree = "<group>";
		};
		1987ED191AF136C9007BACE5 /* Contacts */ = {
			isa = PBXGroup;
			children = (
				1987ED1A1AF136C9007BACE5 /* b2CircleContact.cpp */,
				1987ED1B1AF136C9007BACE5 /* b2CircleContact.h */,
				1987ED1C1AF136C9007BACE5 /* b2Contact.cpp */,
				1987ED1D1AF136C9007BACE5 /* b2Contact.h */,
				1987ED1E1AF136C9007BACE5 /* b2ContactSolver.cpp */,
				1987ED1F1AF136C9007BACE5 /* b2ContactSolver.h */,
				1987ED201AF136C9007BACE5 /* b2PolygonAndCircleContact.cpp */,
				1987ED211AF136C9007BACE5 /* b2PolygonAndCircleContact.h */,
				1987ED221AF136C9007BACE5 /* b2PolygonContact.cpp */,
				1987ED231AF136C9007BACE5 /* b2PolygonContact.h */,
				1987ED241AF136C9007BACE5 /* b2TOISolver.cpp */,
				1987ED251AF136C9007BACE5 /* b2TOISolver.h */,
			);
			path = Contacts;
			sourceTree = "<group>";
		};
		1987ED261AF136C9007BACE5 /* Joints */ = {
			isa = PBXGroup;
			children = (
				1987ED271AF136C9007BACE5 /* b2DistanceJoint.cpp */,
				1987ED281AF136C9007BACE5 /* b2DistanceJoint.h */,
				1987ED291AF136C9007BACE5 /* b2FrictionJoint.cpp */,
				1987ED2A1AF136C9007BACE5 /* b2FrictionJoint.h */,
				1987ED2B1AF136C9007BACE5 /* b2GearJoint.cpp */,
				1987ED2C1AF136C9007BACE5 /* b2GearJoint.h */,
				1987ED2D1AF136C9007BACE5 /* b2Joint.cpp */,
				1987ED2E1AF136C9007BACE5 /* b2Joint.h */,
				1987ED2F1AF136C9007BACE5 /* b2LineJoint.cpp */,
				1987ED301AF136C9007BACE5 /* b2LineJoint.h */,
				1987ED311AF136C9007BACE5 /* b2MouseJoint.cpp */,
				1987ED321AF136C9007BACE5 /* b2MouseJoint.h */,
				1987ED331AF136C9007BACE5 /* b2PrismaticJoint.cpp */,
				1987ED341AF136C9007BACE5 /* b2PrismaticJoint.h */,
				1987ED351AF136C9007BACE5 /* b2PulleyJoint.cpp */,
				1987ED361AF136C9007BACE5 /* b2PulleyJoint.h */,
				1987ED371AF136C9007BACE5 /* b2RevoluteJoint.cpp */,
				1987ED381AF136C9007BACE5 /* b2RevoluteJoint.h */,
				1987ED391AF136C9007BACE5 /* b2WeldJoint.cpp */,
				1987ED3A1AF136C9007BACE5 /* b2WeldJoint.h */,
			);
			path = Joints;
			sourceTree = "<group>";
		};
		19A802F41AD29B5400CC6FBC /* Object */ = {
			isa = PBXGroup;
			children = (
				1970B60C1AFB89F60026A84C /* CostNode.h */,
				19FF13F81B0466C0008B91F2 /* Agent.h */,
				19FF13FC1B049C5E008B91F2 /* Agent.cpp */,
				19FF13F91B047AC8008B91F2 /* GlobalConfig.cpp */,
				19FF13FA1B047AC8008B91F2 /* GlobalConfig.h */,
				19B4F55B1B1DF63600276510 /* VirtualNode.h */,
			);
			name = Object;
			sourceTree = "<group>";
		};
		19ABB1AC1B148B4900E7B623 /* KDTree */ = {
			isa = PBXGroup;
			children = (
				191246221B0DC7EB00742914 /* KDNode.h */,
				19ABB1AD1B148B6A00E7B623 /* KDTuple.h */,
				19ABB1AE1B1492F200E7B623 /* KDTree.h */,
				19ABB1AF1B14988000E7B623 /* KDTree.cpp */,
				191E6C5B1B1D4249009F8702 /* KDObstacle.cpp */,
				191E6C5C1B1D4249009F8702 /* KDObstacle.h */,
			);
			name = KDTree;
			sourceTree = "<group>";
		};
/* End PBXGroup section */

/* Begin PBXNativeTarget section */
		1955D0E41AC44362001318C6 /* Crowd Simulation */ = {
			isa = PBXNativeTarget;
			buildConfigurationList = 1955D0EC1AC44362001318C6 /* Build configuration list for PBXNativeTarget "Crowd Simulation" */;
			buildPhases = (
				1955D0E11AC44362001318C6 /* Sources */,
				1955D0E21AC44362001318C6 /* Frameworks */,
				1955D0E31AC44362001318C6 /* CopyFiles */,
			);
			buildRules = (
			);
			dependencies = (
			);
			name = "Crowd Simulation";
			productName = "Crowd Simulation";
			productReference = 1955D0E51AC44362001318C6 /* Crowd Simulation */;
			productType = "com.apple.product-type.tool";
		};
/* End PBXNativeTarget section */

/* Begin PBXProject section */
		1955D0DD1AC44362001318C6 /* Project object */ = {
			isa = PBXProject;
			attributes = {
				LastUpgradeCheck = 0610;
				ORGANIZATIONNAME = SatanWoo;
				TargetAttributes = {
					1955D0E41AC44362001318C6 = {
						CreatedOnToolsVersion = 6.1;
					};
				};
			};
			buildConfigurationList = 1955D0E01AC44362001318C6 /* Build configuration list for PBXProject "Crowd Simulation" */;
			compatibilityVersion = "Xcode 3.2";
			developmentRegion = English;
			hasScannedForEncodings = 0;
			knownRegions = (
				en,
			);
			mainGroup = 1955D0DC1AC44362001318C6;
			productRefGroup = 1955D0E61AC44362001318C6 /* Products */;
			projectDirPath = "";
			projectRoot = "";
			targets = (
				1955D0E41AC44362001318C6 /* Crowd Simulation */,
			);
		};
/* End PBXProject section */

/* Begin PBXSourcesBuildPhase section */
		1955D0E11AC44362001318C6 /* Sources */ = {
			isa = PBXSourcesBuildPhase;
			buildActionMask = 2147483647;
			files = (
				19FF13FB1B047AC8008B91F2 /* GlobalConfig.cpp in Sources */,
				1987ED411AF136C9007BACE5 /* b2TimeOfImpact.cpp in Sources */,
				1987ED501AF136C9007BACE5 /* b2ContactSolver.cpp in Sources */,
				19FF13FD1B049C5E008B91F2 /* Agent.cpp in Sources */,
				1987ED581AF136C9007BACE5 /* b2LineJoint.cpp in Sources */,
				1987ED3E1AF136C9007BACE5 /* b2Collision.cpp in Sources */,
				1987ED3B1AF136C9007BACE5 /* b2BroadPhase.cpp in Sources */,
				1987ED551AF136C9007BACE5 /* b2FrictionJoint.cpp in Sources */,
				1987ED491AF136C9007BACE5 /* b2ContactManager.cpp in Sources */,
				1987ED511AF136C9007BACE5 /* b2PolygonAndCircleContact.cpp in Sources */,
				1987ED5C1AF136C9007BACE5 /* b2RevoluteJoint.cpp in Sources */,
				1955D0FE1AC445BC001318C6 /* MapController.cpp in Sources */,
				1987ED3C1AF136C9007BACE5 /* b2CollideCircle.cpp in Sources */,
				1987ED4B1AF136C9007BACE5 /* b2Island.cpp in Sources */,
				1987ED4D1AF136C9007BACE5 /* b2WorldCallbacks.cpp in Sources */,
				1987ED3D1AF136C9007BACE5 /* b2CollidePolygon.cpp in Sources */,
				1987ED4E1AF136C9007BACE5 /* b2CircleContact.cpp in Sources */,
				1987ED521AF136C9007BACE5 /* b2PolygonContact.cpp in Sources */,
				1987ED451AF136C9007BACE5 /* b2Math.cpp in Sources */,
				1955D0F41AC443D4001318C6 /* Vector.cpp in Sources */,
				1987ED441AF136C9007BACE5 /* b2BlockAllocator.cpp in Sources */,
				1987ED591AF136C9007BACE5 /* b2MouseJoint.cpp in Sources */,
				19ABB1B01B14988000E7B623 /* KDTree.cpp in Sources */,
				1987ED421AF136C9007BACE5 /* b2CircleShape.cpp in Sources */,
				1987ED481AF136C9007BACE5 /* b2Body.cpp in Sources */,
				1987ED5B1AF136C9007BACE5 /* b2PulleyJoint.cpp in Sources */,
				1987ED531AF136C9007BACE5 /* b2TOISolver.cpp in Sources */,
				1987ED5A1AF136C9007BACE5 /* b2PrismaticJoint.cpp in Sources */,
				1987ED561AF136C9007BACE5 /* b2GearJoint.cpp in Sources */,
				1987ED4F1AF136C9007BACE5 /* b2Contact.cpp in Sources */,
				1987ED471AF136C9007BACE5 /* b2StackAllocator.cpp in Sources */,
				1987ED4A1AF136C9007BACE5 /* b2Fixture.cpp in Sources */,
				1987ED3F1AF136C9007BACE5 /* b2Distance.cpp in Sources */,
				1987ED4C1AF136C9007BACE5 /* b2World.cpp in Sources */,
				1987ED401AF136C9007BACE5 /* b2DynamicTree.cpp in Sources */,
				1987ED541AF136C9007BACE5 /* b2DistanceJoint.cpp in Sources */,
				1987ED461AF136C9007BACE5 /* b2Settings.cpp in Sources */,
				1955D0E91AC44362001318C6 /* main.cpp in Sources */,
				191E6C5D1B1D4249009F8702 /* KDObstacle.cpp in Sources */,
				1987ED571AF136C9007BACE5 /* b2Joint.cpp in Sources */,
				1987ED5D1AF136C9007BACE5 /* b2WeldJoint.cpp in Sources */,
				1987ED431AF136C9007BACE5 /* b2PolygonShape.cpp in Sources */,
			);
			runOnlyForDeploymentPostprocessing = 0;
		};
/* End PBXSourcesBuildPhase section */

/* Begin XCBuildConfiguration section */
		1955D0EA1AC44362001318C6 /* Debug */ = {
			isa = XCBuildConfiguration;
			buildSettings = {
				ALWAYS_SEARCH_USER_PATHS = NO;
				CLANG_CXX_LANGUAGE_STANDARD = "gnu++0x";
				CLANG_CXX_LIBRARY = "libc++";
				CLANG_ENABLE_MODULES = YES;
				CLANG_ENABLE_OBJC_ARC = YES;
				CLANG_WARN_BOOL_CONVERSION = YES;
				CLANG_WARN_CONSTANT_CONVERSION = YES;
				CLANG_WARN_DIRECT_OBJC_ISA_USAGE = YES_ERROR;
				CLANG_WARN_EMPTY_BODY = YES;
				CLANG_WARN_ENUM_CONVERSION = YES;
				CLANG_WARN_INT_CONVERSION = YES;
				CLANG_WARN_OBJC_ROOT_CLASS = YES_ERROR;
				CLANG_WARN_UNREACHABLE_CODE = YES;
				CLANG_WARN__DUPLICATE_METHOD_MATCH = YES;
				COPY_PHASE_STRIP = NO;
				ENABLE_STRICT_OBJC_MSGSEND = YES;
				GCC_C_LANGUAGE_STANDARD = gnu99;
				GCC_DYNAMIC_NO_PIC = NO;
				GCC_OPTIMIZATION_LEVEL = 0;
				GCC_PREPROCESSOR_DEFINITIONS = (
					"DEBUG=1",
					"$(inherited)",
				);
				GCC_SYMBOLS_PRIVATE_EXTERN = NO;
				GCC_WARN_64_TO_32_BIT_CONVERSION = YES;
				GCC_WARN_ABOUT_RETURN_TYPE = YES_ERROR;
				GCC_WARN_UNDECLARED_SELECTOR = YES;
				GCC_WARN_UNINITIALIZED_AUTOS = YES_AGGRESSIVE;
				GCC_WARN_UNUSED_FUNCTION = YES;
				GCC_WARN_UNUSED_VARIABLE = YES;
				MACOSX_DEPLOYMENT_TARGET = 10.8;
				MTL_ENABLE_DEBUG_INFO = YES;
				ONLY_ACTIVE_ARCH = YES;
				SDKROOT = macosx;
			};
			name = Debug;
		};
		1955D0EB1AC44362001318C6 /* Release */ = {
			isa = XCBuildConfiguration;
			buildSettings = {
				ALWAYS_SEARCH_USER_PATHS = NO;
				CLANG_CXX_LANGUAGE_STANDARD = "gnu++0x";
				CLANG_CXX_LIBRARY = "libc++";
				CLANG_ENABLE_MODULES = YES;
				CLANG_ENABLE_OBJC_ARC = YES;
				CLANG_WARN_BOOL_CONVERSION = YES;
				CLANG_WARN_CONSTANT_CONVERSION = YES;
				CLANG_WARN_DIRECT_OBJC_ISA_USAGE = YES_ERROR;
				CLANG_WARN_EMPTY_BODY = YES;
				CLANG_WARN_ENUM_CONVERSION = YES;
				CLANG_WARN_INT_CONVERSION = YES;
				CLANG_WARN_OBJC_ROOT_CLASS = YES_ERROR;
				CLANG_WARN_UNREACHABLE_CODE = YES;
				CLANG_WARN__DUPLICATE_METHOD_MATCH = YES;
				COPY_PHASE_STRIP = YES;
				DEBUG_INFORMATION_FORMAT = "dwarf-with-dsym";
				ENABLE_NS_ASSERTIONS = NO;
				ENABLE_STRICT_OBJC_MSGSEND = YES;
				GCC_C_LANGUAGE_STANDARD = gnu99;
				GCC_WARN_64_TO_32_BIT_CONVERSION = YES;
				GCC_WARN_ABOUT_RETURN_TYPE = YES_ERROR;
				GCC_WARN_UNDECLARED_SELECTOR = YES;
				GCC_WARN_UNINITIALIZED_AUTOS = YES_AGGRESSIVE;
				GCC_WARN_UNUSED_FUNCTION = YES;
				GCC_WARN_UNUSED_VARIABLE = YES;
				MACOSX_DEPLOYMENT_TARGET = 10.8;
				MTL_ENABLE_DEBUG_INFO = NO;
				SDKROOT = macosx;
			};
			name = Release;
		};
		1955D0ED1AC44362001318C6 /* Debug */ = {
			isa = XCBuildConfiguration;
			buildSettings = {
				HEADER_SEARCH_PATHS = (
					"$(inherited)",
					/Applications/Xcode.app/Contents/Developer/Toolchains/XcodeDefault.xctoolchain/usr/include,
					/Users/z/Downloads/Box2D_v2.1.2/Box2D,
				);
				PRODUCT_NAME = "$(TARGET_NAME)";
			};
			name = Debug;
		};
		1955D0EE1AC44362001318C6 /* Release */ = {
			isa = XCBuildConfiguration;
			buildSettings = {
				HEADER_SEARCH_PATHS = (
					"$(inherited)",
					/Applications/Xcode.app/Contents/Developer/Toolchains/XcodeDefault.xctoolchain/usr/include,
					/Users/z/Downloads/Box2D_v2.1.2/Box2D,
				);
				PRODUCT_NAME = "$(TARGET_NAME)";
			};
			name = Release;
		};
/* End XCBuildConfiguration section */

/* Begin XCConfigurationList section */
		1955D0E01AC44362001318C6 /* Build configuration list for PBXProject "Crowd Simulation" */ = {
			isa = XCConfigurationList;
			buildConfigurations = (
				1955D0EA1AC44362001318C6 /* Debug */,
				1955D0EB1AC44362001318C6 /* Release */,
			);
			defaultConfigurationIsVisible = 0;
			defaultConfigurationName = Release;
		};
		1955D0EC1AC44362001318C6 /* Build configuration list for PBXNativeTarget "Crowd Simulation" */ = {
			isa = XCConfigurationList;
			buildConfigurations = (
				1955D0ED1AC44362001318C6 /* Debug */,
				1955D0EE1AC44362001318C6 /* Release */,
			);
			defaultConfigurationIsVisible = 0;
			defaultConfigurationName = Release;
		};
/* End XCConfigurationList section */
	};
	rootObject = 1955D0DD1AC44362001318C6 /* Project object */;
}
