// !$*UTF8*$!
{
	archiveVersion = 1;
	classes = {
	};
	objectVersion = 46;
	objects = {

/* Begin PBXBuildFile section */
		19252F591B0B264B0098959E /* libIrrlicht.a in Frameworks */ = {isa = PBXBuildFile; fileRef = 19252F581B0B264B0098959E /* libIrrlicht.a */; };
		192530131B0B4E560098959E /* IOKit.framework in Frameworks */ = {isa = PBXBuildFile; fileRef = 192530121B0B4E560098959E /* IOKit.framework */; };
		192530151B0B4E610098959E /* Carbon.framework in Frameworks */ = {isa = PBXBuildFile; fileRef = 192530141B0B4E610098959E /* Carbon.framework */; };
		192530171B0B4E740098959E /* Cocoa.framework in Frameworks */ = {isa = PBXBuildFile; fileRef = 192530161B0B4E740098959E /* Cocoa.framework */; };
		1955D0E91AC44362001318C6 /* main.cpp in Sources */ = {isa = PBXBuildFile; fileRef = 1955D0E81AC44362001318C6 /* main.cpp */; };
		1955D0F01AC44379001318C6 /* GLUT.framework in Frameworks */ = {isa = PBXBuildFile; fileRef = 1955D0EF1AC44379001318C6 /* GLUT.framework */; };
		1955D0F41AC443D4001318C6 /* Vector.cpp in Sources */ = {isa = PBXBuildFile; fileRef = 1955D0F21AC443D4001318C6 /* Vector.cpp */; };
		1955D0FE1AC445BC001318C6 /* MapController.cpp in Sources */ = {isa = PBXBuildFile; fileRef = 1955D0F81AC445BC001318C6 /* MapController.cpp */; };
		1955D0FF1AC445BC001318C6 /* Person.cpp in Sources */ = {isa = PBXBuildFile; fileRef = 1955D0FA1AC445BC001318C6 /* Person.cpp */; };
		1955D1031AC46E4C001318C6 /* OpenGL.framework in Frameworks */ = {isa = PBXBuildFile; fileRef = 1955D1021AC46E4C001318C6 /* OpenGL.framework */; };
		1987ED3B1AF136C9007BACE5 /* b2BroadPhase.cpp in Sources */ = {isa = PBXBuildFile; fileRef = 1987ECF01AF136C9007BACE5 /* b2BroadPhase.cpp */; };
		1987ED3C1AF136C9007BACE5 /* b2CollideCircle.cpp in Sources */ = {isa = PBXBuildFile; fileRef = 1987ECF21AF136C9007BACE5 /* b2CollideCircle.cpp */; };
		1987ED3D1AF136C9007BACE5 /* b2CollidePolygon.cpp in Sources */ = {isa = PBXBuildFile; fileRef = 1987ECF31AF136C9007BACE5 /* b2CollidePolygon.cpp */; };
		1987ED3E1AF136C9007BACE5 /* b2Collision.cpp in Sources */ = {isa = PBXBuildFile; fileRef = 1987ECF41AF136C9007BACE5 /* b2Collision.cpp */; };
		1987ED3F1AF136C9007BACE5 /* b2Distance.cpp in Sources */ = {isa = PBXBuildFile; fileRef = 1987ECF61AF136C9007BACE5 /* b2Distance.cpp */; };
		1987ED401AF136C9007BACE5 /* b2DynamicTree.cpp in Sources */ = {isa = PBXBuildFile; fileRef = 1987ECF81AF136C9007BACE5 /* b2DynamicTree.cpp */; };
		1987ED411AF136C9007BACE5 /* b2TimeOfImpact.cpp in Sources */ = {isa = PBXBuildFile; fileRef = 1987ECFA1AF136C9007BACE5 /* b2TimeOfImpact.cpp */; };
		1987ED421AF136C9007BACE5 /* b2CircleShape.cpp in Sources */ = {isa = PBXBuildFile; fileRef = 1987ECFD1AF136C9007BACE5 /* b2CircleShape.cpp */; };
		1987ED431AF136C9007BACE5 /* b2PolygonShape.cpp in Sources */ = {isa = PBXBuildFile; fileRef = 1987ECFF1AF136C9007BACE5 /* b2PolygonShape.cpp */; };
		1987ED441AF136C9007BACE5 /* b2BlockAllocator.cpp in Sources */ = {isa = PBXBuildFile; fileRef = 1987ED031AF136C9007BACE5 /* b2BlockAllocator.cpp */; };
		1987ED451AF136C9007BACE5 /* b2Math.cpp in Sources */ = {isa = PBXBuildFile; fileRef = 1987ED051AF136C9007BACE5 /* b2Math.cpp */; };
		1987ED461AF136C9007BACE5 /* b2Settings.cpp in Sources */ = {isa = PBXBuildFile; fileRef = 1987ED071AF136C9007BACE5 /* b2Settings.cpp */; };
		1987ED471AF136C9007BACE5 /* b2StackAllocator.cpp in Sources */ = {isa = PBXBuildFile; fileRef = 1987ED091AF136C9007BACE5 /* b2StackAllocator.cpp */; };
		1987ED481AF136C9007BACE5 /* b2Body.cpp in Sources */ = {isa = PBXBuildFile; fileRef = 1987ED0C1AF136C9007BACE5 /* b2Body.cpp */; };
		1987ED491AF136C9007BACE5 /* b2ContactManager.cpp in Sources */ = {isa = PBXBuildFile; fileRef = 1987ED0E1AF136C9007BACE5 /* b2ContactManager.cpp */; };
		1987ED4A1AF136C9007BACE5 /* b2Fixture.cpp in Sources */ = {isa = PBXBuildFile; fileRef = 1987ED101AF136C9007BACE5 /* b2Fixture.cpp */; };
		1987ED4B1AF136C9007BACE5 /* b2Island.cpp in Sources */ = {isa = PBXBuildFile; fileRef = 1987ED121AF136C9007BACE5 /* b2Island.cpp */; };
		1987ED4C1AF136C9007BACE5 /* b2World.cpp in Sources */ = {isa = PBXBuildFile; fileRef = 1987ED151AF136C9007BACE5 /* b2World.cpp */; };
		1987ED4D1AF136C9007BACE5 /* b2WorldCallbacks.cpp in Sources */ = {isa = PBXBuildFile; fileRef = 1987ED171AF136C9007BACE5 /* b2WorldCallbacks.cpp */; };
		1987ED4E1AF136C9007BACE5 /* b2CircleContact.cpp in Sources */ = {isa = PBXBuildFile; fileRef = 1987ED1A1AF136C9007BACE5 /* b2CircleContact.cpp */; };
		1987ED4F1AF136C9007BACE5 /* b2Contact.cpp in Sources */ = {isa = PBXBuildFile; fileRef = 1987ED1C1AF136C9007BACE5 /* b2Contact.cpp */; };
		1987ED501AF136C9007BACE5 /* b2ContactSolver.cpp in Sources */ = {isa = PBXBuildFile; fileRef = 1987ED1E1AF136C9007BACE5 /* b2ContactSolver.cpp */; };
		1987ED511AF136C9007BACE5 /* b2PolygonAndCircleContact.cpp in Sources */ = {isa = PBXBuildFile; fileRef = 1987ED201AF136C9007BACE5 /* b2PolygonAndCircleContact.cpp */; };
		1987ED521AF136C9007BACE5 /* b2PolygonContact.cpp in Sources */ = {isa = PBXBuildFile; fileRef = 1987ED221AF136C9007BACE5 /* b2PolygonContact.cpp */; };
		1987ED531AF136C9007BACE5 /* b2TOISolver.cpp in Sources */ = {isa = PBXBuildFile; fileRef = 1987ED241AF136C9007BACE5 /* b2TOISolver.cpp */; };
		1987ED541AF136C9007BACE5 /* b2DistanceJoint.cpp in Sources */ = {isa = PBXBuildFile; fileRef = 1987ED271AF136C9007BACE5 /* b2DistanceJoint.cpp */; };
		1987ED551AF136C9007BACE5 /* b2FrictionJoint.cpp in Sources */ = {isa = PBXBuildFile; fileRef = 1987ED291AF136C9007BACE5 /* b2FrictionJoint.cpp */; };
		1987ED561AF136C9007BACE5 /* b2GearJoint.cpp in Sources */ = {isa = PBXBuildFile; fileRef = 1987ED2B1AF136C9007BACE5 /* b2GearJoint.cpp */; };
		1987ED571AF136C9007BACE5 /* b2Joint.cpp in Sources */ = {isa = PBXBuildFile; fileRef = 1987ED2D1AF136C9007BACE5 /* b2Joint.cpp */; };
		1987ED581AF136C9007BACE5 /* b2LineJoint.cpp in Sources */ = {isa = PBXBuildFile; fileRef = 1987ED2F1AF136C9007BACE5 /* b2LineJoint.cpp */; };
		1987ED591AF136C9007BACE5 /* b2MouseJoint.cpp in Sources */ = {isa = PBXBuildFile; fileRef = 1987ED311AF136C9007BACE5 /* b2MouseJoint.cpp */; };
		1987ED5A1AF136C9007BACE5 /* b2PrismaticJoint.cpp in Sources */ = {isa = PBXBuildFile; fileRef = 1987ED331AF136C9007BACE5 /* b2PrismaticJoint.cpp */; };
		1987ED5B1AF136C9007BACE5 /* b2PulleyJoint.cpp in Sources */ = {isa = PBXBuildFile; fileRef = 1987ED351AF136C9007BACE5 /* b2PulleyJoint.cpp */; };
		1987ED5C1AF136C9007BACE5 /* b2RevoluteJoint.cpp in Sources */ = {isa = PBXBuildFile; fileRef = 1987ED371AF136C9007BACE5 /* b2RevoluteJoint.cpp */; };
		1987ED5D1AF136C9007BACE5 /* b2WeldJoint.cpp in Sources */ = {isa = PBXBuildFile; fileRef = 1987ED391AF136C9007BACE5 /* b2WeldJoint.cpp */; };
		19FF13FB1B047AC8008B91F2 /* GlobalConfig.cpp in Sources */ = {isa = PBXBuildFile; fileRef = 19FF13F91B047AC8008B91F2 /* GlobalConfig.cpp */; };
		19FF13FD1B049C5E008B91F2 /* Agent.cpp in Sources */ = {isa = PBXBuildFile; fileRef = 19FF13FC1B049C5E008B91F2 /* Agent.cpp */; };
/* End PBXBuildFile section */

/* Begin PBXCopyFilesBuildPhase section */
		1955D0E31AC44362001318C6 /* CopyFiles */ = {
			isa = PBXCopyFilesBuildPhase;
			buildActionMask = 2147483647;
			dstPath = /usr/share/man/man1/;
			dstSubfolderSpec = 0;
			files = (
			);
			runOnlyForDeploymentPostprocessing = 1;
		};
/* End PBXCopyFilesBuildPhase section */

/* Begin PBXFileReference section */
		19252F581B0B264B0098959E /* libIrrlicht.a */ = {isa = PBXFileReference; lastKnownFileType = archive.ar; name = libIrrlicht.a; path = ../libIrrlicht.a; sourceTree = "<group>"; };
		19252F5C1B0B48440098959E /* aabbox3d.h */ = {isa = PBXFileReference; lastKnownFileType = sourcecode.c.h; path = aabbox3d.h; sourceTree = "<group>"; };
		19252F5D1B0B48440098959E /* CDynamicMeshBuffer.h */ = {isa = PBXFileReference; lastKnownFileType = sourcecode.c.h; path = CDynamicMeshBuffer.h; sourceTree = "<group>"; };
		19252F5E1B0B48440098959E /* CIndexBuffer.h */ = {isa = PBXFileReference; lastKnownFileType = sourcecode.c.h; path = CIndexBuffer.h; sourceTree = "<group>"; };
		19252F5F1B0B48440098959E /* CMeshBuffer.h */ = {isa = PBXFileReference; lastKnownFileType = sourcecode.c.h; path = CMeshBuffer.h; sourceTree = "<group>"; };
		19252F601B0B48440098959E /* coreutil.h */ = {isa = PBXFileReference; lastKnownFileType = sourcecode.c.h; path = coreutil.h; sourceTree = "<group>"; };
		19252F611B0B48440098959E /* CVertexBuffer.h */ = {isa = PBXFileReference; lastKnownFileType = sourcecode.c.h; path = CVertexBuffer.h; sourceTree = "<group>"; };
		19252F621B0B48440098959E /* dimension2d.h */ = {isa = PBXFileReference; lastKnownFileType = sourcecode.c.h; path = dimension2d.h; sourceTree = "<group>"; };
		19252F631B0B48440098959E /* driverChoice.h */ = {isa = PBXFileReference; lastKnownFileType = sourcecode.c.h; path = driverChoice.h; sourceTree = "<group>"; };
		19252F641B0B48440098959E /* EAttributes.h */ = {isa = PBXFileReference; lastKnownFileType = sourcecode.c.h; path = EAttributes.h; sourceTree = "<group>"; };
		19252F651B0B48440098959E /* ECullingTypes.h */ = {isa = PBXFileReference; lastKnownFileType = sourcecode.c.h; path = ECullingTypes.h; sourceTree = "<group>"; };
		19252F661B0B48440098959E /* EDebugSceneTypes.h */ = {isa = PBXFileReference; lastKnownFileType = sourcecode.c.h; path = EDebugSceneTypes.h; sourceTree = "<group>"; };
		19252F671B0B48440098959E /* EDeviceTypes.h */ = {isa = PBXFileReference; lastKnownFileType = sourcecode.c.h; path = EDeviceTypes.h; sourceTree = "<group>"; };
		19252F681B0B48440098959E /* EDriverFeatures.h */ = {isa = PBXFileReference; lastKnownFileType = sourcecode.c.h; path = EDriverFeatures.h; sourceTree = "<group>"; };
		19252F691B0B48440098959E /* EDriverTypes.h */ = {isa = PBXFileReference; lastKnownFileType = sourcecode.c.h; path = EDriverTypes.h; sourceTree = "<group>"; };
		19252F6A1B0B48440098959E /* EGUIAlignment.h */ = {isa = PBXFileReference; lastKnownFileType = sourcecode.c.h; path = EGUIAlignment.h; sourceTree = "<group>"; };
		19252F6B1B0B48440098959E /* EGUIElementTypes.h */ = {isa = PBXFileReference; lastKnownFileType = sourcecode.c.h; path = EGUIElementTypes.h; sourceTree = "<group>"; };
		19252F6C1B0B48440098959E /* EHardwareBufferFlags.h */ = {isa = PBXFileReference; lastKnownFileType = sourcecode.c.h; path = EHardwareBufferFlags.h; sourceTree = "<group>"; };
		19252F6D1B0B48440098959E /* EMaterialFlags.h */ = {isa = PBXFileReference; lastKnownFileType = sourcecode.c.h; path = EMaterialFlags.h; sourceTree = "<group>"; };
		19252F6E1B0B48440098959E /* EMaterialTypes.h */ = {isa = PBXFileReference; lastKnownFileType = sourcecode.c.h; path = EMaterialTypes.h; sourceTree = "<group>"; };
		19252F6F1B0B48440098959E /* EMeshWriterEnums.h */ = {isa = PBXFileReference; lastKnownFileType = sourcecode.c.h; path = EMeshWriterEnums.h; sourceTree = "<group>"; };
		19252F701B0B48440098959E /* EMessageBoxFlags.h */ = {isa = PBXFileReference; lastKnownFileType = sourcecode.c.h; path = EMessageBoxFlags.h; sourceTree = "<group>"; };
		19252F711B0B48440098959E /* EPrimitiveTypes.h */ = {isa = PBXFileReference; lastKnownFileType = sourcecode.c.h; path = EPrimitiveTypes.h; sourceTree = "<group>"; };
		19252F721B0B48440098959E /* ESceneNodeAnimatorTypes.h */ = {isa = PBXFileReference; lastKnownFileType = sourcecode.c.h; path = ESceneNodeAnimatorTypes.h; sourceTree = "<group>"; };
		19252F731B0B48440098959E /* ESceneNodeTypes.h */ = {isa = PBXFileReference; lastKnownFileType = sourcecode.c.h; path = ESceneNodeTypes.h; sourceTree = "<group>"; };
		19252F741B0B48440098959E /* EShaderTypes.h */ = {isa = PBXFileReference; lastKnownFileType = sourcecode.c.h; path = EShaderTypes.h; sourceTree = "<group>"; };
		19252F751B0B48440098959E /* ETerrainElements.h */ = {isa = PBXFileReference; lastKnownFileType = sourcecode.c.h; path = ETerrainElements.h; sourceTree = "<group>"; };
		19252F761B0B48440098959E /* fast_atof.h */ = {isa = PBXFileReference; lastKnownFileType = sourcecode.c.h; path = fast_atof.h; sourceTree = "<group>"; };
		19252F771B0B48440098959E /* heapsort.h */ = {isa = PBXFileReference; lastKnownFileType = sourcecode.c.h; path = heapsort.h; sourceTree = "<group>"; };
		19252F781B0B48440098959E /* IAnimatedMesh.h */ = {isa = PBXFileReference; lastKnownFileType = sourcecode.c.h; path = IAnimatedMesh.h; sourceTree = "<group>"; };
		19252F791B0B48440098959E /* IAnimatedMeshMD2.h */ = {isa = PBXFileReference; lastKnownFileType = sourcecode.c.h; path = IAnimatedMeshMD2.h; sourceTree = "<group>"; };
		19252F7A1B0B48440098959E /* IAnimatedMeshMD3.h */ = {isa = PBXFileReference; lastKnownFileType = sourcecode.c.h; path = IAnimatedMeshMD3.h; sourceTree = "<group>"; };
		19252F7B1B0B48440098959E /* IAnimatedMeshSceneNode.h */ = {isa = PBXFileReference; lastKnownFileType = sourcecode.c.h; path = IAnimatedMeshSceneNode.h; sourceTree = "<group>"; };
		19252F7C1B0B48440098959E /* IAttributeExchangingObject.h */ = {isa = PBXFileReference; lastKnownFileType = sourcecode.c.h; path = IAttributeExchangingObject.h; sourceTree = "<group>"; };
		19252F7D1B0B48440098959E /* IAttributes.h */ = {isa = PBXFileReference; lastKnownFileType = sourcecode.c.h; path = IAttributes.h; sourceTree = "<group>"; };
		19252F7E1B0B48440098959E /* IBillboardSceneNode.h */ = {isa = PBXFileReference; lastKnownFileType = sourcecode.c.h; path = IBillboardSceneNode.h; sourceTree = "<group>"; };
		19252F7F1B0B48440098959E /* IBillboardTextSceneNode.h */ = {isa = PBXFileReference; lastKnownFileType = sourcecode.c.h; path = IBillboardTextSceneNode.h; sourceTree = "<group>"; };
		19252F801B0B48440098959E /* IBoneSceneNode.h */ = {isa = PBXFileReference; lastKnownFileType = sourcecode.c.h; path = IBoneSceneNode.h; sourceTree = "<group>"; };
		19252F811B0B48440098959E /* ICameraSceneNode.h */ = {isa = PBXFileReference; lastKnownFileType = sourcecode.c.h; path = ICameraSceneNode.h; sourceTree = "<group>"; };
		19252F821B0B48440098959E /* IColladaMeshWriter.h */ = {isa = PBXFileReference; lastKnownFileType = sourcecode.c.h; path = IColladaMeshWriter.h; sourceTree = "<group>"; };
		19252F831B0B48440098959E /* ICursorControl.h */ = {isa = PBXFileReference; lastKnownFileType = sourcecode.c.h; path = ICursorControl.h; sourceTree = "<group>"; };
		19252F841B0B48440098959E /* IDummyTransformationSceneNode.h */ = {isa = PBXFileReference; lastKnownFileType = sourcecode.c.h; path = IDummyTransformationSceneNode.h; sourceTree = "<group>"; };
		19252F851B0B48440098959E /* IDynamicMeshBuffer.h */ = {isa = PBXFileReference; lastKnownFileType = sourcecode.c.h; path = IDynamicMeshBuffer.h; sourceTree = "<group>"; };
		19252F861B0B48440098959E /* IEventReceiver.h */ = {isa = PBXFileReference; lastKnownFileType = sourcecode.c.h; path = IEventReceiver.h; sourceTree = "<group>"; };
		19252F871B0B48440098959E /* IFileArchive.h */ = {isa = PBXFileReference; lastKnownFileType = sourcecode.c.h; path = IFileArchive.h; sourceTree = "<group>"; };
		19252F881B0B48440098959E /* IFileList.h */ = {isa = PBXFileReference; lastKnownFileType = sourcecode.c.h; path = IFileList.h; sourceTree = "<group>"; };
		19252F891B0B48440098959E /* IFileSystem.h */ = {isa = PBXFileReference; lastKnownFileType = sourcecode.c.h; path = IFileSystem.h; sourceTree = "<group>"; };
		19252F8A1B0B48440098959E /* IGeometryCreator.h */ = {isa = PBXFileReference; lastKnownFileType = sourcecode.c.h; path = IGeometryCreator.h; sourceTree = "<group>"; };
		19252F8B1B0B48440098959E /* IGPUProgrammingServices.h */ = {isa = PBXFileReference; lastKnownFileType = sourcecode.c.h; path = IGPUProgrammingServices.h; sourceTree = "<group>"; };
		19252F8C1B0B48440098959E /* IGUIButton.h */ = {isa = PBXFileReference; lastKnownFileType = sourcecode.c.h; path = IGUIButton.h; sourceTree = "<group>"; };
		19252F8D1B0B48440098959E /* IGUICheckBox.h */ = {isa = PBXFileReference; lastKnownFileType = sourcecode.c.h; path = IGUICheckBox.h; sourceTree = "<group>"; };
		19252F8E1B0B48440098959E /* IGUIColorSelectDialog.h */ = {isa = PBXFileReference; lastKnownFileType = sourcecode.c.h; path = IGUIColorSelectDialog.h; sourceTree = "<group>"; };
		19252F8F1B0B48440098959E /* IGUIComboBox.h */ = {isa = PBXFileReference; lastKnownFileType = sourcecode.c.h; path = IGUIComboBox.h; sourceTree = "<group>"; };
		19252F901B0B48440098959E /* IGUIContextMenu.h */ = {isa = PBXFileReference; lastKnownFileType = sourcecode.c.h; path = IGUIContextMenu.h; sourceTree = "<group>"; };
		19252F911B0B48440098959E /* IGUIEditBox.h */ = {isa = PBXFileReference; lastKnownFileType = sourcecode.c.h; path = IGUIEditBox.h; sourceTree = "<group>"; };
		19252F921B0B48440098959E /* IGUIElement.h */ = {isa = PBXFileReference; lastKnownFileType = sourcecode.c.h; path = IGUIElement.h; sourceTree = "<group>"; };
		19252F931B0B48440098959E /* IGUIElementFactory.h */ = {isa = PBXFileReference; lastKnownFileType = sourcecode.c.h; path = IGUIElementFactory.h; sourceTree = "<group>"; };
		19252F941B0B48440098959E /* IGUIEnvironment.h */ = {isa = PBXFileReference; lastKnownFileType = sourcecode.c.h; path = IGUIEnvironment.h; sourceTree = "<group>"; };
		19252F951B0B48440098959E /* IGUIFileOpenDialog.h */ = {isa = PBXFileReference; lastKnownFileType = sourcecode.c.h; path = IGUIFileOpenDialog.h; sourceTree = "<group>"; };
		19252F961B0B48440098959E /* IGUIFont.h */ = {isa = PBXFileReference; lastKnownFileType = sourcecode.c.h; path = IGUIFont.h; sourceTree = "<group>"; };
		19252F971B0B48440098959E /* IGUIFontBitmap.h */ = {isa = PBXFileReference; lastKnownFileType = sourcecode.c.h; path = IGUIFontBitmap.h; sourceTree = "<group>"; };
		19252F981B0B48440098959E /* IGUIImage.h */ = {isa = PBXFileReference; lastKnownFileType = sourcecode.c.h; path = IGUIImage.h; sourceTree = "<group>"; };
		19252F991B0B48440098959E /* IGUIImageList.h */ = {isa = PBXFileReference; lastKnownFileType = sourcecode.c.h; path = IGUIImageList.h; sourceTree = "<group>"; };
		19252F9A1B0B48440098959E /* IGUIInOutFader.h */ = {isa = PBXFileReference; lastKnownFileType = sourcecode.c.h; path = IGUIInOutFader.h; sourceTree = "<group>"; };
		19252F9B1B0B48440098959E /* IGUIListBox.h */ = {isa = PBXFileReference; lastKnownFileType = sourcecode.c.h; path = IGUIListBox.h; sourceTree = "<group>"; };
		19252F9C1B0B48440098959E /* IGUIMeshViewer.h */ = {isa = PBXFileReference; lastKnownFileType = sourcecode.c.h; path = IGUIMeshViewer.h; sourceTree = "<group>"; };
		19252F9D1B0B48440098959E /* IGUIScrollBar.h */ = {isa = PBXFileReference; lastKnownFileType = sourcecode.c.h; path = IGUIScrollBar.h; sourceTree = "<group>"; };
		19252F9E1B0B48440098959E /* IGUISkin.h */ = {isa = PBXFileReference; lastKnownFileType = sourcecode.c.h; path = IGUISkin.h; sourceTree = "<group>"; };
		19252F9F1B0B48440098959E /* IGUISpinBox.h */ = {isa = PBXFileReference; lastKnownFileType = sourcecode.c.h; path = IGUISpinBox.h; sourceTree = "<group>"; };
		19252FA01B0B48440098959E /* IGUISpriteBank.h */ = {isa = PBXFileReference; lastKnownFileType = sourcecode.c.h; path = IGUISpriteBank.h; sourceTree = "<group>"; };
		19252FA11B0B48440098959E /* IGUIStaticText.h */ = {isa = PBXFileReference; lastKnownFileType = sourcecode.c.h; path = IGUIStaticText.h; sourceTree = "<group>"; };
		19252FA21B0B48440098959E /* IGUITabControl.h */ = {isa = PBXFileReference; lastKnownFileType = sourcecode.c.h; path = IGUITabControl.h; sourceTree = "<group>"; };
		19252FA31B0B48440098959E /* IGUITable.h */ = {isa = PBXFileReference; lastKnownFileType = sourcecode.c.h; path = IGUITable.h; sourceTree = "<group>"; };
		19252FA41B0B48440098959E /* IGUIToolbar.h */ = {isa = PBXFileReference; lastKnownFileType = sourcecode.c.h; path = IGUIToolbar.h; sourceTree = "<group>"; };
		19252FA51B0B48440098959E /* IGUITreeView.h */ = {isa = PBXFileReference; lastKnownFileType = sourcecode.c.h; path = IGUITreeView.h; sourceTree = "<group>"; };
		19252FA61B0B48440098959E /* IGUIWindow.h */ = {isa = PBXFileReference; lastKnownFileType = sourcecode.c.h; path = IGUIWindow.h; sourceTree = "<group>"; };
		19252FA71B0B48440098959E /* IImage.h */ = {isa = PBXFileReference; lastKnownFileType = sourcecode.c.h; path = IImage.h; sourceTree = "<group>"; };
		19252FA81B0B48440098959E /* IImageLoader.h */ = {isa = PBXFileReference; lastKnownFileType = sourcecode.c.h; path = IImageLoader.h; sourceTree = "<group>"; };
		19252FA91B0B48440098959E /* IImageWriter.h */ = {isa = PBXFileReference; lastKnownFileType = sourcecode.c.h; path = IImageWriter.h; sourceTree = "<group>"; };
		19252FAA1B0B48440098959E /* IIndexBuffer.h */ = {isa = PBXFileReference; lastKnownFileType = sourcecode.c.h; path = IIndexBuffer.h; sourceTree = "<group>"; };
		19252FAB1B0B48440098959E /* ILightManager.h */ = {isa = PBXFileReference; lastKnownFileType = sourcecode.c.h; path = ILightManager.h; sourceTree = "<group>"; };
		19252FAC1B0B48440098959E /* ILightSceneNode.h */ = {isa = PBXFileReference; lastKnownFileType = sourcecode.c.h; path = ILightSceneNode.h; sourceTree = "<group>"; };
		19252FAD1B0B48440098959E /* ILogger.h */ = {isa = PBXFileReference; lastKnownFileType = sourcecode.c.h; path = ILogger.h; sourceTree = "<group>"; };
		19252FAE1B0B48440098959E /* IMaterialRenderer.h */ = {isa = PBXFileReference; lastKnownFileType = sourcecode.c.h; path = IMaterialRenderer.h; sourceTree = "<group>"; };
		19252FAF1B0B48440098959E /* IMaterialRendererServices.h */ = {isa = PBXFileReference; lastKnownFileType = sourcecode.c.h; path = IMaterialRendererServices.h; sourceTree = "<group>"; };
		19252FB01B0B48440098959E /* IMesh.h */ = {isa = PBXFileReference; lastKnownFileType = sourcecode.c.h; path = IMesh.h; sourceTree = "<group>"; };
		19252FB11B0B48440098959E /* IMeshBuffer.h */ = {isa = PBXFileReference; lastKnownFileType = sourcecode.c.h; path = IMeshBuffer.h; sourceTree = "<group>"; };
		19252FB21B0B48440098959E /* IMeshCache.h */ = {isa = PBXFileReference; lastKnownFileType = sourcecode.c.h; path = IMeshCache.h; sourceTree = "<group>"; };
		19252FB31B0B48440098959E /* IMeshLoader.h */ = {isa = PBXFileReference; lastKnownFileType = sourcecode.c.h; path = IMeshLoader.h; sourceTree = "<group>"; };
		19252FB41B0B48440098959E /* IMeshManipulator.h */ = {isa = PBXFileReference; lastKnownFileType = sourcecode.c.h; path = IMeshManipulator.h; sourceTree = "<group>"; };
		19252FB51B0B48440098959E /* IMeshSceneNode.h */ = {isa = PBXFileReference; lastKnownFileType = sourcecode.c.h; path = IMeshSceneNode.h; sourceTree = "<group>"; };
		19252FB61B0B48440098959E /* IMeshWriter.h */ = {isa = PBXFileReference; lastKnownFileType = sourcecode.c.h; path = IMeshWriter.h; sourceTree = "<group>"; };
		19252FB71B0B48440098959E /* IMetaTriangleSelector.h */ = {isa = PBXFileReference; lastKnownFileType = sourcecode.c.h; path = IMetaTriangleSelector.h; sourceTree = "<group>"; };
		19252FB81B0B48440098959E /* IOSOperator.h */ = {isa = PBXFileReference; lastKnownFileType = sourcecode.c.h; path = IOSOperator.h; sourceTree = "<group>"; };
		19252FB91B0B48440098959E /* IParticleAffector.h */ = {isa = PBXFileReference; lastKnownFileType = sourcecode.c.h; path = IParticleAffector.h; sourceTree = "<group>"; };
		19252FBA1B0B48440098959E /* IParticleAnimatedMeshSceneNodeEmitter.h */ = {isa = PBXFileReference; lastKnownFileType = sourcecode.c.h; path = IParticleAnimatedMeshSceneNodeEmitter.h; sourceTree = "<group>"; };
		19252FBB1B0B48440098959E /* IParticleAttractionAffector.h */ = {isa = PBXFileReference; lastKnownFileType = sourcecode.c.h; path = IParticleAttractionAffector.h; sourceTree = "<group>"; };
		19252FBC1B0B48440098959E /* IParticleBoxEmitter.h */ = {isa = PBXFileReference; lastKnownFileType = sourcecode.c.h; path = IParticleBoxEmitter.h; sourceTree = "<group>"; };
		19252FBD1B0B48440098959E /* IParticleCylinderEmitter.h */ = {isa = PBXFileReference; lastKnownFileType = sourcecode.c.h; path = IParticleCylinderEmitter.h; sourceTree = "<group>"; };
		19252FBE1B0B48440098959E /* IParticleEmitter.h */ = {isa = PBXFileReference; lastKnownFileType = sourcecode.c.h; path = IParticleEmitter.h; sourceTree = "<group>"; };
		19252FBF1B0B48440098959E /* IParticleFadeOutAffector.h */ = {isa = PBXFileReference; lastKnownFileType = sourcecode.c.h; path = IParticleFadeOutAffector.h; sourceTree = "<group>"; };
		19252FC01B0B48440098959E /* IParticleGravityAffector.h */ = {isa = PBXFileReference; lastKnownFileType = sourcecode.c.h; path = IParticleGravityAffector.h; sourceTree = "<group>"; };
		19252FC11B0B48440098959E /* IParticleMeshEmitter.h */ = {isa = PBXFileReference; lastKnownFileType = sourcecode.c.h; path = IParticleMeshEmitter.h; sourceTree = "<group>"; };
		19252FC21B0B48440098959E /* IParticleRingEmitter.h */ = {isa = PBXFileReference; lastKnownFileType = sourcecode.c.h; path = IParticleRingEmitter.h; sourceTree = "<group>"; };
		19252FC31B0B48440098959E /* IParticleRotationAffector.h */ = {isa = PBXFileReference; lastKnownFileType = sourcecode.c.h; path = IParticleRotationAffector.h; sourceTree = "<group>"; };
		19252FC41B0B48440098959E /* IParticleSphereEmitter.h */ = {isa = PBXFileReference; lastKnownFileType = sourcecode.c.h; path = IParticleSphereEmitter.h; sourceTree = "<group>"; };
		19252FC51B0B48440098959E /* IParticleSystemSceneNode.h */ = {isa = PBXFileReference; lastKnownFileType = sourcecode.c.h; path = IParticleSystemSceneNode.h; sourceTree = "<group>"; };
		19252FC61B0B48440098959E /* IQ3LevelMesh.h */ = {isa = PBXFileReference; lastKnownFileType = sourcecode.c.h; path = IQ3LevelMesh.h; sourceTree = "<group>"; };
		19252FC71B0B48440098959E /* IQ3Shader.h */ = {isa = PBXFileReference; lastKnownFileType = sourcecode.c.h; path = IQ3Shader.h; sourceTree = "<group>"; };
		19252FC81B0B48440098959E /* IRandomizer.h */ = {isa = PBXFileReference; lastKnownFileType = sourcecode.c.h; path = IRandomizer.h; sourceTree = "<group>"; };
		19252FC91B0B48440098959E /* IReadFile.h */ = {isa = PBXFileReference; lastKnownFileType = sourcecode.c.h; path = IReadFile.h; sourceTree = "<group>"; };
		19252FCA1B0B48440098959E /* IReferenceCounted.h */ = {isa = PBXFileReference; lastKnownFileType = sourcecode.c.h; path = IReferenceCounted.h; sourceTree = "<group>"; };
		19252FCB1B0B48440098959E /* irrAllocator.h */ = {isa = PBXFileReference; lastKnownFileType = sourcecode.c.h; path = irrAllocator.h; sourceTree = "<group>"; };
		19252FCC1B0B48440098959E /* irrArray.h */ = {isa = PBXFileReference; lastKnownFileType = sourcecode.c.h; path = irrArray.h; sourceTree = "<group>"; };
		19252FCD1B0B48440098959E /* IrrCompileConfig.h */ = {isa = PBXFileReference; lastKnownFileType = sourcecode.c.h; path = IrrCompileConfig.h; sourceTree = "<group>"; };
		19252FCE1B0B48440098959E /* irrlicht.h */ = {isa = PBXFileReference; lastKnownFileType = sourcecode.c.h; path = irrlicht.h; sourceTree = "<group>"; };
		19252FCF1B0B48440098959E /* IrrlichtDevice.h */ = {isa = PBXFileReference; lastKnownFileType = sourcecode.c.h; path = IrrlichtDevice.h; sourceTree = "<group>"; };
		19252FD01B0B48440098959E /* irrList.h */ = {isa = PBXFileReference; lastKnownFileType = sourcecode.c.h; path = irrList.h; sourceTree = "<group>"; };
		19252FD11B0B48440098959E /* irrMap.h */ = {isa = PBXFileReference; lastKnownFileType = sourcecode.c.h; path = irrMap.h; sourceTree = "<group>"; };
		19252FD21B0B48440098959E /* irrMath.h */ = {isa = PBXFileReference; lastKnownFileType = sourcecode.c.h; path = irrMath.h; sourceTree = "<group>"; };
		19252FD31B0B48440098959E /* irrpack.h */ = {isa = PBXFileReference; lastKnownFileType = sourcecode.c.h; path = irrpack.h; sourceTree = "<group>"; };
		19252FD41B0B48440098959E /* irrString.h */ = {isa = PBXFileReference; lastKnownFileType = sourcecode.c.h; path = irrString.h; sourceTree = "<group>"; };
		19252FD51B0B48440098959E /* irrTypes.h */ = {isa = PBXFileReference; lastKnownFileType = sourcecode.c.h; path = irrTypes.h; sourceTree = "<group>"; };
		19252FD61B0B48440098959E /* irrunpack.h */ = {isa = PBXFileReference; lastKnownFileType = sourcecode.c.h; path = irrunpack.h; sourceTree = "<group>"; };
		19252FD71B0B48440098959E /* irrXML.h */ = {isa = PBXFileReference; lastKnownFileType = sourcecode.c.h; path = irrXML.h; sourceTree = "<group>"; };
		19252FD81B0B48440098959E /* ISceneCollisionManager.h */ = {isa = PBXFileReference; lastKnownFileType = sourcecode.c.h; path = ISceneCollisionManager.h; sourceTree = "<group>"; };
		19252FD91B0B48440098959E /* ISceneLoader.h */ = {isa = PBXFileReference; lastKnownFileType = sourcecode.c.h; path = ISceneLoader.h; sourceTree = "<group>"; };
		19252FDA1B0B48440098959E /* ISceneManager.h */ = {isa = PBXFileReference; lastKnownFileType = sourcecode.c.h; path = ISceneManager.h; sourceTree = "<group>"; };
		19252FDB1B0B48440098959E /* ISceneNode.h */ = {isa = PBXFileReference; lastKnownFileType = sourcecode.c.h; path = ISceneNode.h; sourceTree = "<group>"; };
		19252FDC1B0B48440098959E /* ISceneNodeAnimator.h */ = {isa = PBXFileReference; lastKnownFileType = sourcecode.c.h; path = ISceneNodeAnimator.h; sourceTree = "<group>"; };
		19252FDD1B0B48440098959E /* ISceneNodeAnimatorCameraFPS.h */ = {isa = PBXFileReference; lastKnownFileType = sourcecode.c.h; path = ISceneNodeAnimatorCameraFPS.h; sourceTree = "<group>"; };
		19252FDE1B0B48440098959E /* ISceneNodeAnimatorCameraMaya.h */ = {isa = PBXFileReference; lastKnownFileType = sourcecode.c.h; path = ISceneNodeAnimatorCameraMaya.h; sourceTree = "<group>"; };
		19252FDF1B0B48440098959E /* ISceneNodeAnimatorCollisionResponse.h */ = {isa = PBXFileReference; lastKnownFileType = sourcecode.c.h; path = ISceneNodeAnimatorCollisionResponse.h; sourceTree = "<group>"; };
		19252FE01B0B48440098959E /* ISceneNodeAnimatorFactory.h */ = {isa = PBXFileReference; lastKnownFileType = sourcecode.c.h; path = ISceneNodeAnimatorFactory.h; sourceTree = "<group>"; };
		19252FE11B0B48440098959E /* ISceneNodeFactory.h */ = {isa = PBXFileReference; lastKnownFileType = sourcecode.c.h; path = ISceneNodeFactory.h; sourceTree = "<group>"; };
		19252FE21B0B48440098959E /* ISceneUserDataSerializer.h */ = {isa = PBXFileReference; lastKnownFileType = sourcecode.c.h; path = ISceneUserDataSerializer.h; sourceTree = "<group>"; };
		19252FE31B0B48440098959E /* IShaderConstantSetCallBack.h */ = {isa = PBXFileReference; lastKnownFileType = sourcecode.c.h; path = IShaderConstantSetCallBack.h; sourceTree = "<group>"; };
		19252FE41B0B48440098959E /* IShadowVolumeSceneNode.h */ = {isa = PBXFileReference; lastKnownFileType = sourcecode.c.h; path = IShadowVolumeSceneNode.h; sourceTree = "<group>"; };
		19252FE51B0B48440098959E /* ISkinnedMesh.h */ = {isa = PBXFileReference; lastKnownFileType = sourcecode.c.h; path = ISkinnedMesh.h; sourceTree = "<group>"; };
		19252FE61B0B48440098959E /* ITerrainSceneNode.h */ = {isa = PBXFileReference; lastKnownFileType = sourcecode.c.h; path = ITerrainSceneNode.h; sourceTree = "<group>"; };
		19252FE71B0B48440098959E /* ITextSceneNode.h */ = {isa = PBXFileReference; lastKnownFileType = sourcecode.c.h; path = ITextSceneNode.h; sourceTree = "<group>"; };
		19252FE81B0B48440098959E /* ITexture.h */ = {isa = PBXFileReference; lastKnownFileType = sourcecode.c.h; path = ITexture.h; sourceTree = "<group>"; };
		19252FE91B0B48440098959E /* ITimer.h */ = {isa = PBXFileReference; lastKnownFileType = sourcecode.c.h; path = ITimer.h; sourceTree = "<group>"; };
		19252FEA1B0B48440098959E /* ITriangleSelector.h */ = {isa = PBXFileReference; lastKnownFileType = sourcecode.c.h; path = ITriangleSelector.h; sourceTree = "<group>"; };
		19252FEB1B0B48440098959E /* IVertexBuffer.h */ = {isa = PBXFileReference; lastKnownFileType = sourcecode.c.h; path = IVertexBuffer.h; sourceTree = "<group>"; };
		19252FEC1B0B48440098959E /* IVideoDriver.h */ = {isa = PBXFileReference; lastKnownFileType = sourcecode.c.h; path = IVideoDriver.h; sourceTree = "<group>"; };
		19252FED1B0B48440098959E /* IVideoModeList.h */ = {isa = PBXFileReference; lastKnownFileType = sourcecode.c.h; path = IVideoModeList.h; sourceTree = "<group>"; };
		19252FEE1B0B48440098959E /* IVolumeLightSceneNode.h */ = {isa = PBXFileReference; lastKnownFileType = sourcecode.c.h; path = IVolumeLightSceneNode.h; sourceTree = "<group>"; };
		19252FEF1B0B48440098959E /* IWriteFile.h */ = {isa = PBXFileReference; lastKnownFileType = sourcecode.c.h; path = IWriteFile.h; sourceTree = "<group>"; };
		19252FF01B0B48440098959E /* IXMLReader.h */ = {isa = PBXFileReference; lastKnownFileType = sourcecode.c.h; path = IXMLReader.h; sourceTree = "<group>"; };
		19252FF11B0B48440098959E /* IXMLWriter.h */ = {isa = PBXFileReference; lastKnownFileType = sourcecode.c.h; path = IXMLWriter.h; sourceTree = "<group>"; };
		19252FF21B0B48440098959E /* Keycodes.h */ = {isa = PBXFileReference; lastKnownFileType = sourcecode.c.h; path = Keycodes.h; sourceTree = "<group>"; };
		19252FF31B0B48440098959E /* line2d.h */ = {isa = PBXFileReference; lastKnownFileType = sourcecode.c.h; path = line2d.h; sourceTree = "<group>"; };
		19252FF41B0B48440098959E /* line3d.h */ = {isa = PBXFileReference; lastKnownFileType = sourcecode.c.h; path = line3d.h; sourceTree = "<group>"; };
		19252FF51B0B48440098959E /* matrix4.h */ = {isa = PBXFileReference; lastKnownFileType = sourcecode.c.h; path = matrix4.h; sourceTree = "<group>"; };
		19252FF61B0B48440098959E /* path.h */ = {isa = PBXFileReference; lastKnownFileType = sourcecode.c.h; path = path.h; sourceTree = "<group>"; };
		19252FF71B0B48440098959E /* plane3d.h */ = {isa = PBXFileReference; lastKnownFileType = sourcecode.c.h; path = plane3d.h; sourceTree = "<group>"; };
		19252FF81B0B48440098959E /* position2d.h */ = {isa = PBXFileReference; lastKnownFileType = sourcecode.c.h; path = position2d.h; sourceTree = "<group>"; };
		19252FF91B0B48440098959E /* quaternion.h */ = {isa = PBXFileReference; lastKnownFileType = sourcecode.c.h; path = quaternion.h; sourceTree = "<group>"; };
		19252FFA1B0B48440098959E /* rect.h */ = {isa = PBXFileReference; lastKnownFileType = sourcecode.c.h; path = rect.h; sourceTree = "<group>"; };
		19252FFB1B0B48440098959E /* S3DVertex.h */ = {isa = PBXFileReference; lastKnownFileType = sourcecode.c.h; path = S3DVertex.h; sourceTree = "<group>"; };
		19252FFC1B0B48440098959E /* SAnimatedMesh.h */ = {isa = PBXFileReference; lastKnownFileType = sourcecode.c.h; path = SAnimatedMesh.h; sourceTree = "<group>"; };
		19252FFD1B0B48440098959E /* SceneParameters.h */ = {isa = PBXFileReference; lastKnownFileType = sourcecode.c.h; path = SceneParameters.h; sourceTree = "<group>"; };
		19252FFE1B0B48440098959E /* SColor.h */ = {isa = PBXFileReference; lastKnownFileType = sourcecode.c.h; path = SColor.h; sourceTree = "<group>"; };
		19252FFF1B0B48440098959E /* SExposedVideoData.h */ = {isa = PBXFileReference; lastKnownFileType = sourcecode.c.h; path = SExposedVideoData.h; sourceTree = "<group>"; };
		192530001B0B48440098959E /* SIrrCreationParameters.h */ = {isa = PBXFileReference; lastKnownFileType = sourcecode.c.h; path = SIrrCreationParameters.h; sourceTree = "<group>"; };
		192530011B0B48440098959E /* SKeyMap.h */ = {isa = PBXFileReference; lastKnownFileType = sourcecode.c.h; path = SKeyMap.h; sourceTree = "<group>"; };
		192530021B0B48440098959E /* SLight.h */ = {isa = PBXFileReference; lastKnownFileType = sourcecode.c.h; path = SLight.h; sourceTree = "<group>"; };
		192530031B0B48440098959E /* SMaterial.h */ = {isa = PBXFileReference; lastKnownFileType = sourcecode.c.h; path = SMaterial.h; sourceTree = "<group>"; };
		192530041B0B48440098959E /* SMaterialLayer.h */ = {isa = PBXFileReference; lastKnownFileType = sourcecode.c.h; path = SMaterialLayer.h; sourceTree = "<group>"; };
		192530051B0B48440098959E /* SMesh.h */ = {isa = PBXFileReference; lastKnownFileType = sourcecode.c.h; path = SMesh.h; sourceTree = "<group>"; };
		192530061B0B48440098959E /* SMeshBuffer.h */ = {isa = PBXFileReference; lastKnownFileType = sourcecode.c.h; path = SMeshBuffer.h; sourceTree = "<group>"; };
		192530071B0B48440098959E /* SMeshBufferLightMap.h */ = {isa = PBXFileReference; lastKnownFileType = sourcecode.c.h; path = SMeshBufferLightMap.h; sourceTree = "<group>"; };
		192530081B0B48440098959E /* SMeshBufferTangents.h */ = {isa = PBXFileReference; lastKnownFileType = sourcecode.c.h; path = SMeshBufferTangents.h; sourceTree = "<group>"; };
		192530091B0B48440098959E /* SParticle.h */ = {isa = PBXFileReference; lastKnownFileType = sourcecode.c.h; path = SParticle.h; sourceTree = "<group>"; };
		1925300A1B0B48440098959E /* SSharedMeshBuffer.h */ = {isa = PBXFileReference; lastKnownFileType = sourcecode.c.h; path = SSharedMeshBuffer.h; sourceTree = "<group>"; };
		1925300B1B0B48440098959E /* SSkinMeshBuffer.h */ = {isa = PBXFileReference; lastKnownFileType = sourcecode.c.h; path = SSkinMeshBuffer.h; sourceTree = "<group>"; };
		1925300C1B0B48440098959E /* SVertexIndex.h */ = {isa = PBXFileReference; lastKnownFileType = sourcecode.c.h; path = SVertexIndex.h; sourceTree = "<group>"; };
		1925300D1B0B48440098959E /* SVertexManipulator.h */ = {isa = PBXFileReference; lastKnownFileType = sourcecode.c.h; path = SVertexManipulator.h; sourceTree = "<group>"; };
		1925300E1B0B48440098959E /* SViewFrustum.h */ = {isa = PBXFileReference; lastKnownFileType = sourcecode.c.h; path = SViewFrustum.h; sourceTree = "<group>"; };
		1925300F1B0B48440098959E /* triangle3d.h */ = {isa = PBXFileReference; lastKnownFileType = sourcecode.c.h; path = triangle3d.h; sourceTree = "<group>"; };
		192530101B0B48440098959E /* vector2d.h */ = {isa = PBXFileReference; lastKnownFileType = sourcecode.c.h; path = vector2d.h; sourceTree = "<group>"; };
		192530111B0B48440098959E /* vector3d.h */ = {isa = PBXFileReference; lastKnownFileType = sourcecode.c.h; path = vector3d.h; sourceTree = "<group>"; };
		192530121B0B4E560098959E /* IOKit.framework */ = {isa = PBXFileReference; lastKnownFileType = wrapper.framework; name = IOKit.framework; path = System/Library/Frameworks/IOKit.framework; sourceTree = SDKROOT; };
		192530141B0B4E610098959E /* Carbon.framework */ = {isa = PBXFileReference; lastKnownFileType = wrapper.framework; name = Carbon.framework; path = System/Library/Frameworks/Carbon.framework; sourceTree = SDKROOT; };
		192530161B0B4E740098959E /* Cocoa.framework */ = {isa = PBXFileReference; lastKnownFileType = wrapper.framework; name = Cocoa.framework; path = System/Library/Frameworks/Cocoa.framework; sourceTree = SDKROOT; };
		1955D0E51AC44362001318C6 /* Crowd Simulation */ = {isa = PBXFileReference; explicitFileType = "compiled.mach-o.executable"; includeInIndex = 0; path = "Crowd Simulation"; sourceTree = BUILT_PRODUCTS_DIR; };
		1955D0E81AC44362001318C6 /* main.cpp */ = {isa = PBXFileReference; lastKnownFileType = sourcecode.cpp.cpp; path = main.cpp; sourceTree = "<group>"; };
		1955D0EF1AC44379001318C6 /* GLUT.framework */ = {isa = PBXFileReference; lastKnownFileType = wrapper.framework; name = GLUT.framework; path = System/Library/Frameworks/GLUT.framework; sourceTree = SDKROOT; };
		1955D0F21AC443D4001318C6 /* Vector.cpp */ = {isa = PBXFileReference; fileEncoding = 4; lastKnownFileType = sourcecode.cpp.cpp; path = Vector.cpp; sourceTree = "<group>"; };
		1955D0F31AC443D4001318C6 /* Vector.h */ = {isa = PBXFileReference; fileEncoding = 4; lastKnownFileType = sourcecode.c.h; path = Vector.h; sourceTree = "<group>"; };
		1955D0F81AC445BC001318C6 /* MapController.cpp */ = {isa = PBXFileReference; fileEncoding = 4; lastKnownFileType = sourcecode.cpp.cpp; path = MapController.cpp; sourceTree = "<group>"; };
		1955D0F91AC445BC001318C6 /* MapController.h */ = {isa = PBXFileReference; fileEncoding = 4; lastKnownFileType = sourcecode.c.h; path = MapController.h; sourceTree = "<group>"; };
		1955D0FA1AC445BC001318C6 /* Person.cpp */ = {isa = PBXFileReference; fileEncoding = 4; lastKnownFileType = sourcecode.cpp.cpp; path = Person.cpp; sourceTree = "<group>"; };
		1955D0FB1AC445BC001318C6 /* Person.h */ = {isa = PBXFileReference; fileEncoding = 4; lastKnownFileType = sourcecode.c.h; path = Person.h; sourceTree = "<group>"; };
		1955D1021AC46E4C001318C6 /* OpenGL.framework */ = {isa = PBXFileReference; lastKnownFileType = wrapper.framework; name = OpenGL.framework; path = System/Library/Frameworks/OpenGL.framework; sourceTree = SDKROOT; };
		196734C31AEFEEA200765E4F /* MathLib.h */ = {isa = PBXFileReference; lastKnownFileType = sourcecode.c.h; path = MathLib.h; sourceTree = "<group>"; };
		1970B60C1AFB89F60026A84C /* CostNode.h */ = {isa = PBXFileReference; lastKnownFileType = sourcecode.c.h; path = CostNode.h; sourceTree = "<group>"; };
		1987ECEC1AF136C9007BACE5 /* Box2D.h */ = {isa = PBXFileReference; fileEncoding = 4; lastKnownFileType = sourcecode.c.h; path = Box2D.h; sourceTree = "<group>"; };
		1987ECED1AF136C9007BACE5 /* Box2DConfig.cmake */ = {isa = PBXFileReference; fileEncoding = 4; lastKnownFileType = text; path = Box2DConfig.cmake; sourceTree = "<group>"; };
		1987ECEE1AF136C9007BACE5 /* CMakeLists.txt */ = {isa = PBXFileReference; fileEncoding = 4; lastKnownFileType = text; path = CMakeLists.txt; sourceTree = "<group>"; };
		1987ECF01AF136C9007BACE5 /* b2BroadPhase.cpp */ = {isa = PBXFileReference; fileEncoding = 4; lastKnownFileType = sourcecode.cpp.cpp; path = b2BroadPhase.cpp; sourceTree = "<group>"; };
		1987ECF11AF136C9007BACE5 /* b2BroadPhase.h */ = {isa = PBXFileReference; fileEncoding = 4; lastKnownFileType = sourcecode.c.h; path = b2BroadPhase.h; sourceTree = "<group>"; };
		1987ECF21AF136C9007BACE5 /* b2CollideCircle.cpp */ = {isa = PBXFileReference; fileEncoding = 4; lastKnownFileType = sourcecode.cpp.cpp; path = b2CollideCircle.cpp; sourceTree = "<group>"; };
		1987ECF31AF136C9007BACE5 /* b2CollidePolygon.cpp */ = {isa = PBXFileReference; fileEncoding = 4; lastKnownFileType = sourcecode.cpp.cpp; path = b2CollidePolygon.cpp; sourceTree = "<group>"; };
		1987ECF41AF136C9007BACE5 /* b2Collision.cpp */ = {isa = PBXFileReference; fileEncoding = 4; lastKnownFileType = sourcecode.cpp.cpp; path = b2Collision.cpp; sourceTree = "<group>"; };
		1987ECF51AF136C9007BACE5 /* b2Collision.h */ = {isa = PBXFileReference; fileEncoding = 4; lastKnownFileType = sourcecode.c.h; path = b2Collision.h; sourceTree = "<group>"; };
		1987ECF61AF136C9007BACE5 /* b2Distance.cpp */ = {isa = PBXFileReference; fileEncoding = 4; lastKnownFileType = sourcecode.cpp.cpp; path = b2Distance.cpp; sourceTree = "<group>"; };
		1987ECF71AF136C9007BACE5 /* b2Distance.h */ = {isa = PBXFileReference; fileEncoding = 4; lastKnownFileType = sourcecode.c.h; path = b2Distance.h; sourceTree = "<group>"; };
		1987ECF81AF136C9007BACE5 /* b2DynamicTree.cpp */ = {isa = PBXFileReference; fileEncoding = 4; lastKnownFileType = sourcecode.cpp.cpp; path = b2DynamicTree.cpp; sourceTree = "<group>"; };
		1987ECF91AF136C9007BACE5 /* b2DynamicTree.h */ = {isa = PBXFileReference; fileEncoding = 4; lastKnownFileType = sourcecode.c.h; path = b2DynamicTree.h; sourceTree = "<group>"; };
		1987ECFA1AF136C9007BACE5 /* b2TimeOfImpact.cpp */ = {isa = PBXFileReference; fileEncoding = 4; lastKnownFileType = sourcecode.cpp.cpp; path = b2TimeOfImpact.cpp; sourceTree = "<group>"; };
		1987ECFB1AF136C9007BACE5 /* b2TimeOfImpact.h */ = {isa = PBXFileReference; fileEncoding = 4; lastKnownFileType = sourcecode.c.h; path = b2TimeOfImpact.h; sourceTree = "<group>"; };
		1987ECFD1AF136C9007BACE5 /* b2CircleShape.cpp */ = {isa = PBXFileReference; fileEncoding = 4; lastKnownFileType = sourcecode.cpp.cpp; path = b2CircleShape.cpp; sourceTree = "<group>"; };
		1987ECFE1AF136C9007BACE5 /* b2CircleShape.h */ = {isa = PBXFileReference; fileEncoding = 4; lastKnownFileType = sourcecode.c.h; path = b2CircleShape.h; sourceTree = "<group>"; };
		1987ECFF1AF136C9007BACE5 /* b2PolygonShape.cpp */ = {isa = PBXFileReference; fileEncoding = 4; lastKnownFileType = sourcecode.cpp.cpp; path = b2PolygonShape.cpp; sourceTree = "<group>"; };
		1987ED001AF136C9007BACE5 /* b2PolygonShape.h */ = {isa = PBXFileReference; fileEncoding = 4; lastKnownFileType = sourcecode.c.h; path = b2PolygonShape.h; sourceTree = "<group>"; };
		1987ED011AF136C9007BACE5 /* b2Shape.h */ = {isa = PBXFileReference; fileEncoding = 4; lastKnownFileType = sourcecode.c.h; path = b2Shape.h; sourceTree = "<group>"; };
		1987ED031AF136C9007BACE5 /* b2BlockAllocator.cpp */ = {isa = PBXFileReference; fileEncoding = 4; lastKnownFileType = sourcecode.cpp.cpp; path = b2BlockAllocator.cpp; sourceTree = "<group>"; };
		1987ED041AF136C9007BACE5 /* b2BlockAllocator.h */ = {isa = PBXFileReference; fileEncoding = 4; lastKnownFileType = sourcecode.c.h; path = b2BlockAllocator.h; sourceTree = "<group>"; };
		1987ED051AF136C9007BACE5 /* b2Math.cpp */ = {isa = PBXFileReference; fileEncoding = 4; lastKnownFileType = sourcecode.cpp.cpp; path = b2Math.cpp; sourceTree = "<group>"; };
		1987ED061AF136C9007BACE5 /* b2Math.h */ = {isa = PBXFileReference; fileEncoding = 4; lastKnownFileType = sourcecode.c.h; path = b2Math.h; sourceTree = "<group>"; };
		1987ED071AF136C9007BACE5 /* b2Settings.cpp */ = {isa = PBXFileReference; fileEncoding = 4; lastKnownFileType = sourcecode.cpp.cpp; path = b2Settings.cpp; sourceTree = "<group>"; };
		1987ED081AF136C9007BACE5 /* b2Settings.h */ = {isa = PBXFileReference; fileEncoding = 4; lastKnownFileType = sourcecode.c.h; path = b2Settings.h; sourceTree = "<group>"; };
		1987ED091AF136C9007BACE5 /* b2StackAllocator.cpp */ = {isa = PBXFileReference; fileEncoding = 4; lastKnownFileType = sourcecode.cpp.cpp; path = b2StackAllocator.cpp; sourceTree = "<group>"; };
		1987ED0A1AF136C9007BACE5 /* b2StackAllocator.h */ = {isa = PBXFileReference; fileEncoding = 4; lastKnownFileType = sourcecode.c.h; path = b2StackAllocator.h; sourceTree = "<group>"; };
		1987ED0C1AF136C9007BACE5 /* b2Body.cpp */ = {isa = PBXFileReference; fileEncoding = 4; lastKnownFileType = sourcecode.cpp.cpp; path = b2Body.cpp; sourceTree = "<group>"; };
		1987ED0D1AF136C9007BACE5 /* b2Body.h */ = {isa = PBXFileReference; fileEncoding = 4; lastKnownFileType = sourcecode.c.h; path = b2Body.h; sourceTree = "<group>"; };
		1987ED0E1AF136C9007BACE5 /* b2ContactManager.cpp */ = {isa = PBXFileReference; fileEncoding = 4; lastKnownFileType = sourcecode.cpp.cpp; path = b2ContactManager.cpp; sourceTree = "<group>"; };
		1987ED0F1AF136C9007BACE5 /* b2ContactManager.h */ = {isa = PBXFileReference; fileEncoding = 4; lastKnownFileType = sourcecode.c.h; path = b2ContactManager.h; sourceTree = "<group>"; };
		1987ED101AF136C9007BACE5 /* b2Fixture.cpp */ = {isa = PBXFileReference; fileEncoding = 4; lastKnownFileType = sourcecode.cpp.cpp; path = b2Fixture.cpp; sourceTree = "<group>"; };
		1987ED111AF136C9007BACE5 /* b2Fixture.h */ = {isa = PBXFileReference; fileEncoding = 4; lastKnownFileType = sourcecode.c.h; path = b2Fixture.h; sourceTree = "<group>"; };
		1987ED121AF136C9007BACE5 /* b2Island.cpp */ = {isa = PBXFileReference; fileEncoding = 4; lastKnownFileType = sourcecode.cpp.cpp; path = b2Island.cpp; sourceTree = "<group>"; };
		1987ED131AF136C9007BACE5 /* b2Island.h */ = {isa = PBXFileReference; fileEncoding = 4; lastKnownFileType = sourcecode.c.h; path = b2Island.h; sourceTree = "<group>"; };
		1987ED141AF136C9007BACE5 /* b2TimeStep.h */ = {isa = PBXFileReference; fileEncoding = 4; lastKnownFileType = sourcecode.c.h; path = b2TimeStep.h; sourceTree = "<group>"; };
		1987ED151AF136C9007BACE5 /* b2World.cpp */ = {isa = PBXFileReference; fileEncoding = 4; lastKnownFileType = sourcecode.cpp.cpp; path = b2World.cpp; sourceTree = "<group>"; };
		1987ED161AF136C9007BACE5 /* b2World.h */ = {isa = PBXFileReference; fileEncoding = 4; lastKnownFileType = sourcecode.c.h; path = b2World.h; sourceTree = "<group>"; };
		1987ED171AF136C9007BACE5 /* b2WorldCallbacks.cpp */ = {isa = PBXFileReference; fileEncoding = 4; lastKnownFileType = sourcecode.cpp.cpp; path = b2WorldCallbacks.cpp; sourceTree = "<group>"; };
		1987ED181AF136C9007BACE5 /* b2WorldCallbacks.h */ = {isa = PBXFileReference; fileEncoding = 4; lastKnownFileType = sourcecode.c.h; path = b2WorldCallbacks.h; sourceTree = "<group>"; };
		1987ED1A1AF136C9007BACE5 /* b2CircleContact.cpp */ = {isa = PBXFileReference; fileEncoding = 4; lastKnownFileType = sourcecode.cpp.cpp; path = b2CircleContact.cpp; sourceTree = "<group>"; };
		1987ED1B1AF136C9007BACE5 /* b2CircleContact.h */ = {isa = PBXFileReference; fileEncoding = 4; lastKnownFileType = sourcecode.c.h; path = b2CircleContact.h; sourceTree = "<group>"; };
		1987ED1C1AF136C9007BACE5 /* b2Contact.cpp */ = {isa = PBXFileReference; fileEncoding = 4; lastKnownFileType = sourcecode.cpp.cpp; path = b2Contact.cpp; sourceTree = "<group>"; };
		1987ED1D1AF136C9007BACE5 /* b2Contact.h */ = {isa = PBXFileReference; fileEncoding = 4; lastKnownFileType = sourcecode.c.h; path = b2Contact.h; sourceTree = "<group>"; };
		1987ED1E1AF136C9007BACE5 /* b2ContactSolver.cpp */ = {isa = PBXFileReference; fileEncoding = 4; lastKnownFileType = sourcecode.cpp.cpp; path = b2ContactSolver.cpp; sourceTree = "<group>"; };
		1987ED1F1AF136C9007BACE5 /* b2ContactSolver.h */ = {isa = PBXFileReference; fileEncoding = 4; lastKnownFileType = sourcecode.c.h; path = b2ContactSolver.h; sourceTree = "<group>"; };
		1987ED201AF136C9007BACE5 /* b2PolygonAndCircleContact.cpp */ = {isa = PBXFileReference; fileEncoding = 4; lastKnownFileType = sourcecode.cpp.cpp; path = b2PolygonAndCircleContact.cpp; sourceTree = "<group>"; };
		1987ED211AF136C9007BACE5 /* b2PolygonAndCircleContact.h */ = {isa = PBXFileReference; fileEncoding = 4; lastKnownFileType = sourcecode.c.h; path = b2PolygonAndCircleContact.h; sourceTree = "<group>"; };
		1987ED221AF136C9007BACE5 /* b2PolygonContact.cpp */ = {isa = PBXFileReference; fileEncoding = 4; lastKnownFileType = sourcecode.cpp.cpp; path = b2PolygonContact.cpp; sourceTree = "<group>"; };
		1987ED231AF136C9007BACE5 /* b2PolygonContact.h */ = {isa = PBXFileReference; fileEncoding = 4; lastKnownFileType = sourcecode.c.h; path = b2PolygonContact.h; sourceTree = "<group>"; };
		1987ED241AF136C9007BACE5 /* b2TOISolver.cpp */ = {isa = PBXFileReference; fileEncoding = 4; lastKnownFileType = sourcecode.cpp.cpp; path = b2TOISolver.cpp; sourceTree = "<group>"; };
		1987ED251AF136C9007BACE5 /* b2TOISolver.h */ = {isa = PBXFileReference; fileEncoding = 4; lastKnownFileType = sourcecode.c.h; path = b2TOISolver.h; sourceTree = "<group>"; };
		1987ED271AF136C9007BACE5 /* b2DistanceJoint.cpp */ = {isa = PBXFileReference; fileEncoding = 4; lastKnownFileType = sourcecode.cpp.cpp; path = b2DistanceJoint.cpp; sourceTree = "<group>"; };
		1987ED281AF136C9007BACE5 /* b2DistanceJoint.h */ = {isa = PBXFileReference; fileEncoding = 4; lastKnownFileType = sourcecode.c.h; path = b2DistanceJoint.h; sourceTree = "<group>"; };
		1987ED291AF136C9007BACE5 /* b2FrictionJoint.cpp */ = {isa = PBXFileReference; fileEncoding = 4; lastKnownFileType = sourcecode.cpp.cpp; path = b2FrictionJoint.cpp; sourceTree = "<group>"; };
		1987ED2A1AF136C9007BACE5 /* b2FrictionJoint.h */ = {isa = PBXFileReference; fileEncoding = 4; lastKnownFileType = sourcecode.c.h; path = b2FrictionJoint.h; sourceTree = "<group>"; };
		1987ED2B1AF136C9007BACE5 /* b2GearJoint.cpp */ = {isa = PBXFileReference; fileEncoding = 4; lastKnownFileType = sourcecode.cpp.cpp; path = b2GearJoint.cpp; sourceTree = "<group>"; };
		1987ED2C1AF136C9007BACE5 /* b2GearJoint.h */ = {isa = PBXFileReference; fileEncoding = 4; lastKnownFileType = sourcecode.c.h; path = b2GearJoint.h; sourceTree = "<group>"; };
		1987ED2D1AF136C9007BACE5 /* b2Joint.cpp */ = {isa = PBXFileReference; fileEncoding = 4; lastKnownFileType = sourcecode.cpp.cpp; path = b2Joint.cpp; sourceTree = "<group>"; };
		1987ED2E1AF136C9007BACE5 /* b2Joint.h */ = {isa = PBXFileReference; fileEncoding = 4; lastKnownFileType = sourcecode.c.h; path = b2Joint.h; sourceTree = "<group>"; };
		1987ED2F1AF136C9007BACE5 /* b2LineJoint.cpp */ = {isa = PBXFileReference; fileEncoding = 4; lastKnownFileType = sourcecode.cpp.cpp; path = b2LineJoint.cpp; sourceTree = "<group>"; };
		1987ED301AF136C9007BACE5 /* b2LineJoint.h */ = {isa = PBXFileReference; fileEncoding = 4; lastKnownFileType = sourcecode.c.h; path = b2LineJoint.h; sourceTree = "<group>"; };
		1987ED311AF136C9007BACE5 /* b2MouseJoint.cpp */ = {isa = PBXFileReference; fileEncoding = 4; lastKnownFileType = sourcecode.cpp.cpp; path = b2MouseJoint.cpp; sourceTree = "<group>"; };
		1987ED321AF136C9007BACE5 /* b2MouseJoint.h */ = {isa = PBXFileReference; fileEncoding = 4; lastKnownFileType = sourcecode.c.h; path = b2MouseJoint.h; sourceTree = "<group>"; };
		1987ED331AF136C9007BACE5 /* b2PrismaticJoint.cpp */ = {isa = PBXFileReference; fileEncoding = 4; lastKnownFileType = sourcecode.cpp.cpp; path = b2PrismaticJoint.cpp; sourceTree = "<group>"; };
		1987ED341AF136C9007BACE5 /* b2PrismaticJoint.h */ = {isa = PBXFileReference; fileEncoding = 4; lastKnownFileType = sourcecode.c.h; path = b2PrismaticJoint.h; sourceTree = "<group>"; };
		1987ED351AF136C9007BACE5 /* b2PulleyJoint.cpp */ = {isa = PBXFileReference; fileEncoding = 4; lastKnownFileType = sourcecode.cpp.cpp; path = b2PulleyJoint.cpp; sourceTree = "<group>"; };
		1987ED361AF136C9007BACE5 /* b2PulleyJoint.h */ = {isa = PBXFileReference; fileEncoding = 4; lastKnownFileType = sourcecode.c.h; path = b2PulleyJoint.h; sourceTree = "<group>"; };
		1987ED371AF136C9007BACE5 /* b2RevoluteJoint.cpp */ = {isa = PBXFileReference; fileEncoding = 4; lastKnownFileType = sourcecode.cpp.cpp; path = b2RevoluteJoint.cpp; sourceTree = "<group>"; };
		1987ED381AF136C9007BACE5 /* b2RevoluteJoint.h */ = {isa = PBXFileReference; fileEncoding = 4; lastKnownFileType = sourcecode.c.h; path = b2RevoluteJoint.h; sourceTree = "<group>"; };
		1987ED391AF136C9007BACE5 /* b2WeldJoint.cpp */ = {isa = PBXFileReference; fileEncoding = 4; lastKnownFileType = sourcecode.cpp.cpp; path = b2WeldJoint.cpp; sourceTree = "<group>"; };
		1987ED3A1AF136C9007BACE5 /* b2WeldJoint.h */ = {isa = PBXFileReference; fileEncoding = 4; lastKnownFileType = sourcecode.c.h; path = b2WeldJoint.h; sourceTree = "<group>"; };
		19AC4BD81AF67B9E009831BA /* B2Vec2DHelper.h */ = {isa = PBXFileReference; fileEncoding = 4; lastKnownFileType = sourcecode.c.h; path = B2Vec2DHelper.h; sourceTree = "<group>"; };
		19FF13F81B0466C0008B91F2 /* Agent.h */ = {isa = PBXFileReference; lastKnownFileType = sourcecode.c.h; path = Agent.h; sourceTree = "<group>"; };
		19FF13F91B047AC8008B91F2 /* GlobalConfig.cpp */ = {isa = PBXFileReference; fileEncoding = 4; lastKnownFileType = sourcecode.cpp.cpp; path = GlobalConfig.cpp; sourceTree = "<group>"; };
		19FF13FA1B047AC8008B91F2 /* GlobalConfig.h */ = {isa = PBXFileReference; fileEncoding = 4; lastKnownFileType = sourcecode.c.h; path = GlobalConfig.h; sourceTree = "<group>"; };
		19FF13FC1B049C5E008B91F2 /* Agent.cpp */ = {isa = PBXFileReference; fileEncoding = 4; lastKnownFileType = sourcecode.cpp.cpp; path = Agent.cpp; sourceTree = "<group>"; };
/* End PBXFileReference section */

/* Begin PBXFrameworksBuildPhase section */
		1955D0E21AC44362001318C6 /* Frameworks */ = {
			isa = PBXFrameworksBuildPhase;
			buildActionMask = 2147483647;
			files = (
				192530171B0B4E740098959E /* Cocoa.framework in Frameworks */,
				192530151B0B4E610098959E /* Carbon.framework in Frameworks */,
				192530131B0B4E560098959E /* IOKit.framework in Frameworks */,
				19252F591B0B264B0098959E /* libIrrlicht.a in Frameworks */,
				1955D1031AC46E4C001318C6 /* OpenGL.framework in Frameworks */,
				1955D0F01AC44379001318C6 /* GLUT.framework in Frameworks */,
			);
			runOnlyForDeploymentPostprocessing = 0;
		};
/* End PBXFrameworksBuildPhase section */

/* Begin PBXGroup section */
		19252F5B1B0B48440098959E /* include */ = {
			isa = PBXGroup;
			children = (
				19252F5C1B0B48440098959E /* aabbox3d.h */,
				19252F5D1B0B48440098959E /* CDynamicMeshBuffer.h */,
				19252F5E1B0B48440098959E /* CIndexBuffer.h */,
				19252F5F1B0B48440098959E /* CMeshBuffer.h */,
				19252F601B0B48440098959E /* coreutil.h */,
				19252F611B0B48440098959E /* CVertexBuffer.h */,
				19252F621B0B48440098959E /* dimension2d.h */,
				19252F631B0B48440098959E /* driverChoice.h */,
				19252F641B0B48440098959E /* EAttributes.h */,
				19252F651B0B48440098959E /* ECullingTypes.h */,
				19252F661B0B48440098959E /* EDebugSceneTypes.h */,
				19252F671B0B48440098959E /* EDeviceTypes.h */,
				19252F681B0B48440098959E /* EDriverFeatures.h */,
				19252F691B0B48440098959E /* EDriverTypes.h */,
				19252F6A1B0B48440098959E /* EGUIAlignment.h */,
				19252F6B1B0B48440098959E /* EGUIElementTypes.h */,
				19252F6C1B0B48440098959E /* EHardwareBufferFlags.h */,
				19252F6D1B0B48440098959E /* EMaterialFlags.h */,
				19252F6E1B0B48440098959E /* EMaterialTypes.h */,
				19252F6F1B0B48440098959E /* EMeshWriterEnums.h */,
				19252F701B0B48440098959E /* EMessageBoxFlags.h */,
				19252F711B0B48440098959E /* EPrimitiveTypes.h */,
				19252F721B0B48440098959E /* ESceneNodeAnimatorTypes.h */,
				19252F731B0B48440098959E /* ESceneNodeTypes.h */,
				19252F741B0B48440098959E /* EShaderTypes.h */,
				19252F751B0B48440098959E /* ETerrainElements.h */,
				19252F761B0B48440098959E /* fast_atof.h */,
				19252F771B0B48440098959E /* heapsort.h */,
				19252F781B0B48440098959E /* IAnimatedMesh.h */,
				19252F791B0B48440098959E /* IAnimatedMeshMD2.h */,
				19252F7A1B0B48440098959E /* IAnimatedMeshMD3.h */,
				19252F7B1B0B48440098959E /* IAnimatedMeshSceneNode.h */,
				19252F7C1B0B48440098959E /* IAttributeExchangingObject.h */,
				19252F7D1B0B48440098959E /* IAttributes.h */,
				19252F7E1B0B48440098959E /* IBillboardSceneNode.h */,
				19252F7F1B0B48440098959E /* IBillboardTextSceneNode.h */,
				19252F801B0B48440098959E /* IBoneSceneNode.h */,
				19252F811B0B48440098959E /* ICameraSceneNode.h */,
				19252F821B0B48440098959E /* IColladaMeshWriter.h */,
				19252F831B0B48440098959E /* ICursorControl.h */,
				19252F841B0B48440098959E /* IDummyTransformationSceneNode.h */,
				19252F851B0B48440098959E /* IDynamicMeshBuffer.h */,
				19252F861B0B48440098959E /* IEventReceiver.h */,
				19252F871B0B48440098959E /* IFileArchive.h */,
				19252F881B0B48440098959E /* IFileList.h */,
				19252F891B0B48440098959E /* IFileSystem.h */,
				19252F8A1B0B48440098959E /* IGeometryCreator.h */,
				19252F8B1B0B48440098959E /* IGPUProgrammingServices.h */,
				19252F8C1B0B48440098959E /* IGUIButton.h */,
				19252F8D1B0B48440098959E /* IGUICheckBox.h */,
				19252F8E1B0B48440098959E /* IGUIColorSelectDialog.h */,
				19252F8F1B0B48440098959E /* IGUIComboBox.h */,
				19252F901B0B48440098959E /* IGUIContextMenu.h */,
				19252F911B0B48440098959E /* IGUIEditBox.h */,
				19252F921B0B48440098959E /* IGUIElement.h */,
				19252F931B0B48440098959E /* IGUIElementFactory.h */,
				19252F941B0B48440098959E /* IGUIEnvironment.h */,
				19252F951B0B48440098959E /* IGUIFileOpenDialog.h */,
				19252F961B0B48440098959E /* IGUIFont.h */,
				19252F971B0B48440098959E /* IGUIFontBitmap.h */,
				19252F981B0B48440098959E /* IGUIImage.h */,
				19252F991B0B48440098959E /* IGUIImageList.h */,
				19252F9A1B0B48440098959E /* IGUIInOutFader.h */,
				19252F9B1B0B48440098959E /* IGUIListBox.h */,
				19252F9C1B0B48440098959E /* IGUIMeshViewer.h */,
				19252F9D1B0B48440098959E /* IGUIScrollBar.h */,
				19252F9E1B0B48440098959E /* IGUISkin.h */,
				19252F9F1B0B48440098959E /* IGUISpinBox.h */,
				19252FA01B0B48440098959E /* IGUISpriteBank.h */,
				19252FA11B0B48440098959E /* IGUIStaticText.h */,
				19252FA21B0B48440098959E /* IGUITabControl.h */,
				19252FA31B0B48440098959E /* IGUITable.h */,
				19252FA41B0B48440098959E /* IGUIToolbar.h */,
				19252FA51B0B48440098959E /* IGUITreeView.h */,
				19252FA61B0B48440098959E /* IGUIWindow.h */,
				19252FA71B0B48440098959E /* IImage.h */,
				19252FA81B0B48440098959E /* IImageLoader.h */,
				19252FA91B0B48440098959E /* IImageWriter.h */,
				19252FAA1B0B48440098959E /* IIndexBuffer.h */,
				19252FAB1B0B48440098959E /* ILightManager.h */,
				19252FAC1B0B48440098959E /* ILightSceneNode.h */,
				19252FAD1B0B48440098959E /* ILogger.h */,
				19252FAE1B0B48440098959E /* IMaterialRenderer.h */,
				19252FAF1B0B48440098959E /* IMaterialRendererServices.h */,
				19252FB01B0B48440098959E /* IMesh.h */,
				19252FB11B0B48440098959E /* IMeshBuffer.h */,
				19252FB21B0B48440098959E /* IMeshCache.h */,
				19252FB31B0B48440098959E /* IMeshLoader.h */,
				19252FB41B0B48440098959E /* IMeshManipulator.h */,
				19252FB51B0B48440098959E /* IMeshSceneNode.h */,
				19252FB61B0B48440098959E /* IMeshWriter.h */,
				19252FB71B0B48440098959E /* IMetaTriangleSelector.h */,
				19252FB81B0B48440098959E /* IOSOperator.h */,
				19252FB91B0B48440098959E /* IParticleAffector.h */,
				19252FBA1B0B48440098959E /* IParticleAnimatedMeshSceneNodeEmitter.h */,
				19252FBB1B0B48440098959E /* IParticleAttractionAffector.h */,
				19252FBC1B0B48440098959E /* IParticleBoxEmitter.h */,
				19252FBD1B0B48440098959E /* IParticleCylinderEmitter.h */,
				19252FBE1B0B48440098959E /* IParticleEmitter.h */,
				19252FBF1B0B48440098959E /* IParticleFadeOutAffector.h */,
				19252FC01B0B48440098959E /* IParticleGravityAffector.h */,
				19252FC11B0B48440098959E /* IParticleMeshEmitter.h */,
				19252FC21B0B48440098959E /* IParticleRingEmitter.h */,
				19252FC31B0B48440098959E /* IParticleRotationAffector.h */,
				19252FC41B0B48440098959E /* IParticleSphereEmitter.h */,
				19252FC51B0B48440098959E /* IParticleSystemSceneNode.h */,
				19252FC61B0B48440098959E /* IQ3LevelMesh.h */,
				19252FC71B0B48440098959E /* IQ3Shader.h */,
				19252FC81B0B48440098959E /* IRandomizer.h */,
				19252FC91B0B48440098959E /* IReadFile.h */,
				19252FCA1B0B48440098959E /* IReferenceCounted.h */,
				19252FCB1B0B48440098959E /* irrAllocator.h */,
				19252FCC1B0B48440098959E /* irrArray.h */,
				19252FCD1B0B48440098959E /* IrrCompileConfig.h */,
				19252FCE1B0B48440098959E /* irrlicht.h */,
				19252FCF1B0B48440098959E /* IrrlichtDevice.h */,
				19252FD01B0B48440098959E /* irrList.h */,
				19252FD11B0B48440098959E /* irrMap.h */,
				19252FD21B0B48440098959E /* irrMath.h */,
				19252FD31B0B48440098959E /* irrpack.h */,
				19252FD41B0B48440098959E /* irrString.h */,
				19252FD51B0B48440098959E /* irrTypes.h */,
				19252FD61B0B48440098959E /* irrunpack.h */,
				19252FD71B0B48440098959E /* irrXML.h */,
				19252FD81B0B48440098959E /* ISceneCollisionManager.h */,
				19252FD91B0B48440098959E /* ISceneLoader.h */,
				19252FDA1B0B48440098959E /* ISceneManager.h */,
				19252FDB1B0B48440098959E /* ISceneNode.h */,
				19252FDC1B0B48440098959E /* ISceneNodeAnimator.h */,
				19252FDD1B0B48440098959E /* ISceneNodeAnimatorCameraFPS.h */,
				19252FDE1B0B48440098959E /* ISceneNodeAnimatorCameraMaya.h */,
				19252FDF1B0B48440098959E /* ISceneNodeAnimatorCollisionResponse.h */,
				19252FE01B0B48440098959E /* ISceneNodeAnimatorFactory.h */,
				19252FE11B0B48440098959E /* ISceneNodeFactory.h */,
				19252FE21B0B48440098959E /* ISceneUserDataSerializer.h */,
				19252FE31B0B48440098959E /* IShaderConstantSetCallBack.h */,
				19252FE41B0B48440098959E /* IShadowVolumeSceneNode.h */,
				19252FE51B0B48440098959E /* ISkinnedMesh.h */,
				19252FE61B0B48440098959E /* ITerrainSceneNode.h */,
				19252FE71B0B48440098959E /* ITextSceneNode.h */,
				19252FE81B0B48440098959E /* ITexture.h */,
				19252FE91B0B48440098959E /* ITimer.h */,
				19252FEA1B0B48440098959E /* ITriangleSelector.h */,
				19252FEB1B0B48440098959E /* IVertexBuffer.h */,
				19252FEC1B0B48440098959E /* IVideoDriver.h */,
				19252FED1B0B48440098959E /* IVideoModeList.h */,
				19252FEE1B0B48440098959E /* IVolumeLightSceneNode.h */,
				19252FEF1B0B48440098959E /* IWriteFile.h */,
				19252FF01B0B48440098959E /* IXMLReader.h */,
				19252FF11B0B48440098959E /* IXMLWriter.h */,
				19252FF21B0B48440098959E /* Keycodes.h */,
				19252FF31B0B48440098959E /* line2d.h */,
				19252FF41B0B48440098959E /* line3d.h */,
				19252FF51B0B48440098959E /* matrix4.h */,
				19252FF61B0B48440098959E /* path.h */,
				19252FF71B0B48440098959E /* plane3d.h */,
				19252FF81B0B48440098959E /* position2d.h */,
				19252FF91B0B48440098959E /* quaternion.h */,
				19252FFA1B0B48440098959E /* rect.h */,
				19252FFB1B0B48440098959E /* S3DVertex.h */,
				19252FFC1B0B48440098959E /* SAnimatedMesh.h */,
				19252FFD1B0B48440098959E /* SceneParameters.h */,
				19252FFE1B0B48440098959E /* SColor.h */,
				19252FFF1B0B48440098959E /* SExposedVideoData.h */,
				192530001B0B48440098959E /* SIrrCreationParameters.h */,
				192530011B0B48440098959E /* SKeyMap.h */,
				192530021B0B48440098959E /* SLight.h */,
				192530031B0B48440098959E /* SMaterial.h */,
				192530041B0B48440098959E /* SMaterialLayer.h */,
				192530051B0B48440098959E /* SMesh.h */,
				192530061B0B48440098959E /* SMeshBuffer.h */,
				192530071B0B48440098959E /* SMeshBufferLightMap.h */,
				192530081B0B48440098959E /* SMeshBufferTangents.h */,
				192530091B0B48440098959E /* SParticle.h */,
				1925300A1B0B48440098959E /* SSharedMeshBuffer.h */,
				1925300B1B0B48440098959E /* SSkinMeshBuffer.h */,
				1925300C1B0B48440098959E /* SVertexIndex.h */,
				1925300D1B0B48440098959E /* SVertexManipulator.h */,
				1925300E1B0B48440098959E /* SViewFrustum.h */,
				1925300F1B0B48440098959E /* triangle3d.h */,
				192530101B0B48440098959E /* vector2d.h */,
				192530111B0B48440098959E /* vector3d.h */,
			);
			path = include;
			sourceTree = "<group>";
		};
		1955D0DC1AC44362001318C6 = {
			isa = PBXGroup;
			children = (
				192530161B0B4E740098959E /* Cocoa.framework */,
				192530141B0B4E610098959E /* Carbon.framework */,
				192530121B0B4E560098959E /* IOKit.framework */,
				19252F581B0B264B0098959E /* libIrrlicht.a */,
				19252F5B1B0B48440098959E /* include */,
				1987ECEB1AF136C9007BACE5 /* Box2D */,
				1955D1021AC46E4C001318C6 /* OpenGL.framework */,
				1955D0EF1AC44379001318C6 /* GLUT.framework */,
				1955D0E71AC44362001318C6 /* Crowd Simulation */,
				1955D0E61AC44362001318C6 /* Products */,
			);
			sourceTree = "<group>";
		};
		1955D0E61AC44362001318C6 /* Products */ = {
			isa = PBXGroup;
			children = (
				1955D0E51AC44362001318C6 /* Crowd Simulation */,
			);
			name = Products;
			sourceTree = "<group>";
		};
		1955D0E71AC44362001318C6 /* Crowd Simulation */ = {
			isa = PBXGroup;
			children = (
				19A802F41AD29B5400CC6FBC /* Object */,
				1955D1011AC445BF001318C6 /* App */,
				1955D0F11AC443C5001318C6 /* Foundation */,
				1955D0E81AC44362001318C6 /* main.cpp */,
			);
			path = "Crowd Simulation";
			sourceTree = "<group>";
		};
		1955D0F11AC443C5001318C6 /* Foundation */ = {
			isa = PBXGroup;
			children = (
				1955D0F21AC443D4001318C6 /* Vector.cpp */,
				1955D0F31AC443D4001318C6 /* Vector.h */,
				196734C31AEFEEA200765E4F /* MathLib.h */,
			);
			name = Foundation;
			sourceTree = "<group>";
		};
		1955D1011AC445BF001318C6 /* App */ = {
			isa = PBXGroup;
			children = (
				1955D0F81AC445BC001318C6 /* MapController.cpp */,
				1955D0F91AC445BC001318C6 /* MapController.h */,
				1955D0FA1AC445BC001318C6 /* Person.cpp */,
				1955D0FB1AC445BC001318C6 /* Person.h */,
			);
			name = App;
			sourceTree = "<group>";
		};
		1987ECEB1AF136C9007BACE5 /* Box2D */ = {
			isa = PBXGroup;
			children = (
				19AC4BD81AF67B9E009831BA /* B2Vec2DHelper.h */,
				1987ECEC1AF136C9007BACE5 /* Box2D.h */,
				1987ECED1AF136C9007BACE5 /* Box2DConfig.cmake */,
				1987ECEE1AF136C9007BACE5 /* CMakeLists.txt */,
				1987ECEF1AF136C9007BACE5 /* Collision */,
				1987ED021AF136C9007BACE5 /* Common */,
				1987ED0B1AF136C9007BACE5 /* Dynamics */,
			);
			name = Box2D;
			path = ../../../Downloads/Box2D_v2.1.2/Box2D/Box2D;
			sourceTree = "<group>";
		};
		1987ECEF1AF136C9007BACE5 /* Collision */ = {
			isa = PBXGroup;
			children = (
				1987ECF01AF136C9007BACE5 /* b2BroadPhase.cpp */,
				1987ECF11AF136C9007BACE5 /* b2BroadPhase.h */,
				1987ECF21AF136C9007BACE5 /* b2CollideCircle.cpp */,
				1987ECF31AF136C9007BACE5 /* b2CollidePolygon.cpp */,
				1987ECF41AF136C9007BACE5 /* b2Collision.cpp */,
				1987ECF51AF136C9007BACE5 /* b2Collision.h */,
				1987ECF61AF136C9007BACE5 /* b2Distance.cpp */,
				1987ECF71AF136C9007BACE5 /* b2Distance.h */,
				1987ECF81AF136C9007BACE5 /* b2DynamicTree.cpp */,
				1987ECF91AF136C9007BACE5 /* b2DynamicTree.h */,
				1987ECFA1AF136C9007BACE5 /* b2TimeOfImpact.cpp */,
				1987ECFB1AF136C9007BACE5 /* b2TimeOfImpact.h */,
				1987ECFC1AF136C9007BACE5 /* Shapes */,
			);
			path = Collision;
			sourceTree = "<group>";
		};
		1987ECFC1AF136C9007BACE5 /* Shapes */ = {
			isa = PBXGroup;
			children = (
				1987ECFD1AF136C9007BACE5 /* b2CircleShape.cpp */,
				1987ECFE1AF136C9007BACE5 /* b2CircleShape.h */,
				1987ECFF1AF136C9007BACE5 /* b2PolygonShape.cpp */,
				1987ED001AF136C9007BACE5 /* b2PolygonShape.h */,
				1987ED011AF136C9007BACE5 /* b2Shape.h */,
			);
			path = Shapes;
			sourceTree = "<group>";
		};
		1987ED021AF136C9007BACE5 /* Common */ = {
			isa = PBXGroup;
			children = (
				1987ED031AF136C9007BACE5 /* b2BlockAllocator.cpp */,
				1987ED041AF136C9007BACE5 /* b2BlockAllocator.h */,
				1987ED051AF136C9007BACE5 /* b2Math.cpp */,
				1987ED061AF136C9007BACE5 /* b2Math.h */,
				1987ED071AF136C9007BACE5 /* b2Settings.cpp */,
				1987ED081AF136C9007BACE5 /* b2Settings.h */,
				1987ED091AF136C9007BACE5 /* b2StackAllocator.cpp */,
				1987ED0A1AF136C9007BACE5 /* b2StackAllocator.h */,
			);
			path = Common;
			sourceTree = "<group>";
		};
		1987ED0B1AF136C9007BACE5 /* Dynamics */ = {
			isa = PBXGroup;
			children = (
				1987ED0C1AF136C9007BACE5 /* b2Body.cpp */,
				1987ED0D1AF136C9007BACE5 /* b2Body.h */,
				1987ED0E1AF136C9007BACE5 /* b2ContactManager.cpp */,
				1987ED0F1AF136C9007BACE5 /* b2ContactManager.h */,
				1987ED101AF136C9007BACE5 /* b2Fixture.cpp */,
				1987ED111AF136C9007BACE5 /* b2Fixture.h */,
				1987ED121AF136C9007BACE5 /* b2Island.cpp */,
				1987ED131AF136C9007BACE5 /* b2Island.h */,
				1987ED141AF136C9007BACE5 /* b2TimeStep.h */,
				1987ED151AF136C9007BACE5 /* b2World.cpp */,
				1987ED161AF136C9007BACE5 /* b2World.h */,
				1987ED171AF136C9007BACE5 /* b2WorldCallbacks.cpp */,
				1987ED181AF136C9007BACE5 /* b2WorldCallbacks.h */,
				1987ED191AF136C9007BACE5 /* Contacts */,
				1987ED261AF136C9007BACE5 /* Joints */,
			);
			path = Dynamics;
			sourceTree = "<group>";
		};
		1987ED191AF136C9007BACE5 /* Contacts */ = {
			isa = PBXGroup;
			children = (
				1987ED1A1AF136C9007BACE5 /* b2CircleContact.cpp */,
				1987ED1B1AF136C9007BACE5 /* b2CircleContact.h */,
				1987ED1C1AF136C9007BACE5 /* b2Contact.cpp */,
				1987ED1D1AF136C9007BACE5 /* b2Contact.h */,
				1987ED1E1AF136C9007BACE5 /* b2ContactSolver.cpp */,
				1987ED1F1AF136C9007BACE5 /* b2ContactSolver.h */,
				1987ED201AF136C9007BACE5 /* b2PolygonAndCircleContact.cpp */,
				1987ED211AF136C9007BACE5 /* b2PolygonAndCircleContact.h */,
				1987ED221AF136C9007BACE5 /* b2PolygonContact.cpp */,
				1987ED231AF136C9007BACE5 /* b2PolygonContact.h */,
				1987ED241AF136C9007BACE5 /* b2TOISolver.cpp */,
				1987ED251AF136C9007BACE5 /* b2TOISolver.h */,
			);
			path = Contacts;
			sourceTree = "<group>";
		};
		1987ED261AF136C9007BACE5 /* Joints */ = {
			isa = PBXGroup;
			children = (
				1987ED271AF136C9007BACE5 /* b2DistanceJoint.cpp */,
				1987ED281AF136C9007BACE5 /* b2DistanceJoint.h */,
				1987ED291AF136C9007BACE5 /* b2FrictionJoint.cpp */,
				1987ED2A1AF136C9007BACE5 /* b2FrictionJoint.h */,
				1987ED2B1AF136C9007BACE5 /* b2GearJoint.cpp */,
				1987ED2C1AF136C9007BACE5 /* b2GearJoint.h */,
				1987ED2D1AF136C9007BACE5 /* b2Joint.cpp */,
				1987ED2E1AF136C9007BACE5 /* b2Joint.h */,
				1987ED2F1AF136C9007BACE5 /* b2LineJoint.cpp */,
				1987ED301AF136C9007BACE5 /* b2LineJoint.h */,
				1987ED311AF136C9007BACE5 /* b2MouseJoint.cpp */,
				1987ED321AF136C9007BACE5 /* b2MouseJoint.h */,
				1987ED331AF136C9007BACE5 /* b2PrismaticJoint.cpp */,
				1987ED341AF136C9007BACE5 /* b2PrismaticJoint.h */,
				1987ED351AF136C9007BACE5 /* b2PulleyJoint.cpp */,
				1987ED361AF136C9007BACE5 /* b2PulleyJoint.h */,
				1987ED371AF136C9007BACE5 /* b2RevoluteJoint.cpp */,
				1987ED381AF136C9007BACE5 /* b2RevoluteJoint.h */,
				1987ED391AF136C9007BACE5 /* b2WeldJoint.cpp */,
				1987ED3A1AF136C9007BACE5 /* b2WeldJoint.h */,
			);
			path = Joints;
			sourceTree = "<group>";
		};
		19A802F41AD29B5400CC6FBC /* Object */ = {
			isa = PBXGroup;
			children = (
				1970B60C1AFB89F60026A84C /* CostNode.h */,
				19FF13F81B0466C0008B91F2 /* Agent.h */,
				19FF13FC1B049C5E008B91F2 /* Agent.cpp */,
				19FF13F91B047AC8008B91F2 /* GlobalConfig.cpp */,
				19FF13FA1B047AC8008B91F2 /* GlobalConfig.h */,
			);
			name = Object;
			sourceTree = "<group>";
		};
/* End PBXGroup section */

/* Begin PBXNativeTarget section */
		1955D0E41AC44362001318C6 /* Crowd Simulation */ = {
			isa = PBXNativeTarget;
			buildConfigurationList = 1955D0EC1AC44362001318C6 /* Build configuration list for PBXNativeTarget "Crowd Simulation" */;
			buildPhases = (
				1955D0E11AC44362001318C6 /* Sources */,
				1955D0E21AC44362001318C6 /* Frameworks */,
				1955D0E31AC44362001318C6 /* CopyFiles */,
			);
			buildRules = (
			);
			dependencies = (
			);
			name = "Crowd Simulation";
			productName = "Crowd Simulation";
			productReference = 1955D0E51AC44362001318C6 /* Crowd Simulation */;
			productType = "com.apple.product-type.tool";
		};
/* End PBXNativeTarget section */

/* Begin PBXProject section */
		1955D0DD1AC44362001318C6 /* Project object */ = {
			isa = PBXProject;
			attributes = {
				LastUpgradeCheck = 0610;
				ORGANIZATIONNAME = SatanWoo;
				TargetAttributes = {
					1955D0E41AC44362001318C6 = {
						CreatedOnToolsVersion = 6.1;
					};
				};
			};
			buildConfigurationList = 1955D0E01AC44362001318C6 /* Build configuration list for PBXProject "Crowd Simulation" */;
			compatibilityVersion = "Xcode 3.2";
			developmentRegion = English;
			hasScannedForEncodings = 0;
			knownRegions = (
				en,
			);
			mainGroup = 1955D0DC1AC44362001318C6;
			productRefGroup = 1955D0E61AC44362001318C6 /* Products */;
			projectDirPath = "";
			projectRoot = "";
			targets = (
				1955D0E41AC44362001318C6 /* Crowd Simulation */,
			);
		};
/* End PBXProject section */

/* Begin PBXSourcesBuildPhase section */
		1955D0E11AC44362001318C6 /* Sources */ = {
			isa = PBXSourcesBuildPhase;
			buildActionMask = 2147483647;
			files = (
				19FF13FB1B047AC8008B91F2 /* GlobalConfig.cpp in Sources */,
				1987ED411AF136C9007BACE5 /* b2TimeOfImpact.cpp in Sources */,
				1987ED501AF136C9007BACE5 /* b2ContactSolver.cpp in Sources */,
				19FF13FD1B049C5E008B91F2 /* Agent.cpp in Sources */,
				1987ED581AF136C9007BACE5 /* b2LineJoint.cpp in Sources */,
				1987ED3E1AF136C9007BACE5 /* b2Collision.cpp in Sources */,
				1987ED3B1AF136C9007BACE5 /* b2BroadPhase.cpp in Sources */,
				1987ED551AF136C9007BACE5 /* b2FrictionJoint.cpp in Sources */,
				1987ED491AF136C9007BACE5 /* b2ContactManager.cpp in Sources */,
				1987ED511AF136C9007BACE5 /* b2PolygonAndCircleContact.cpp in Sources */,
				1987ED5C1AF136C9007BACE5 /* b2RevoluteJoint.cpp in Sources */,
				1955D0FE1AC445BC001318C6 /* MapController.cpp in Sources */,
				1987ED3C1AF136C9007BACE5 /* b2CollideCircle.cpp in Sources */,
				1987ED4B1AF136C9007BACE5 /* b2Island.cpp in Sources */,
				1987ED4D1AF136C9007BACE5 /* b2WorldCallbacks.cpp in Sources */,
				1987ED3D1AF136C9007BACE5 /* b2CollidePolygon.cpp in Sources */,
				1987ED4E1AF136C9007BACE5 /* b2CircleContact.cpp in Sources */,
				1987ED521AF136C9007BACE5 /* b2PolygonContact.cpp in Sources */,
				1987ED451AF136C9007BACE5 /* b2Math.cpp in Sources */,
				1955D0F41AC443D4001318C6 /* Vector.cpp in Sources */,
				1987ED441AF136C9007BACE5 /* b2BlockAllocator.cpp in Sources */,
				1987ED591AF136C9007BACE5 /* b2MouseJoint.cpp in Sources */,
				1987ED421AF136C9007BACE5 /* b2CircleShape.cpp in Sources */,
				1987ED481AF136C9007BACE5 /* b2Body.cpp in Sources */,
				1987ED5B1AF136C9007BACE5 /* b2PulleyJoint.cpp in Sources */,
				1987ED531AF136C9007BACE5 /* b2TOISolver.cpp in Sources */,
				1987ED5A1AF136C9007BACE5 /* b2PrismaticJoint.cpp in Sources */,
				1987ED561AF136C9007BACE5 /* b2GearJoint.cpp in Sources */,
				1987ED4F1AF136C9007BACE5 /* b2Contact.cpp in Sources */,
				1955D0FF1AC445BC001318C6 /* Person.cpp in Sources */,
				1987ED471AF136C9007BACE5 /* b2StackAllocator.cpp in Sources */,
				1987ED4A1AF136C9007BACE5 /* b2Fixture.cpp in Sources */,
				1987ED3F1AF136C9007BACE5 /* b2Distance.cpp in Sources */,
				1987ED4C1AF136C9007BACE5 /* b2World.cpp in Sources */,
				1987ED401AF136C9007BACE5 /* b2DynamicTree.cpp in Sources */,
				1987ED541AF136C9007BACE5 /* b2DistanceJoint.cpp in Sources */,
				1987ED461AF136C9007BACE5 /* b2Settings.cpp in Sources */,
				1955D0E91AC44362001318C6 /* main.cpp in Sources */,
				1987ED571AF136C9007BACE5 /* b2Joint.cpp in Sources */,
				1987ED5D1AF136C9007BACE5 /* b2WeldJoint.cpp in Sources */,
				1987ED431AF136C9007BACE5 /* b2PolygonShape.cpp in Sources */,
			);
			runOnlyForDeploymentPostprocessing = 0;
		};
/* End PBXSourcesBuildPhase section */

/* Begin XCBuildConfiguration section */
		1955D0EA1AC44362001318C6 /* Debug */ = {
			isa = XCBuildConfiguration;
			buildSettings = {
				ALWAYS_SEARCH_USER_PATHS = NO;
				CLANG_CXX_LANGUAGE_STANDARD = "gnu++0x";
				CLANG_CXX_LIBRARY = "libc++";
				CLANG_ENABLE_MODULES = YES;
				CLANG_ENABLE_OBJC_ARC = YES;
				CLANG_WARN_BOOL_CONVERSION = YES;
				CLANG_WARN_CONSTANT_CONVERSION = YES;
				CLANG_WARN_DIRECT_OBJC_ISA_USAGE = YES_ERROR;
				CLANG_WARN_EMPTY_BODY = YES;
				CLANG_WARN_ENUM_CONVERSION = YES;
				CLANG_WARN_INT_CONVERSION = YES;
				CLANG_WARN_OBJC_ROOT_CLASS = YES_ERROR;
				CLANG_WARN_UNREACHABLE_CODE = YES;
				CLANG_WARN__DUPLICATE_METHOD_MATCH = YES;
				COPY_PHASE_STRIP = NO;
				ENABLE_STRICT_OBJC_MSGSEND = YES;
				GCC_C_LANGUAGE_STANDARD = gnu99;
				GCC_DYNAMIC_NO_PIC = NO;
				GCC_OPTIMIZATION_LEVEL = 0;
				GCC_PREPROCESSOR_DEFINITIONS = (
					"DEBUG=1",
					"$(inherited)",
				);
				GCC_SYMBOLS_PRIVATE_EXTERN = NO;
				GCC_WARN_64_TO_32_BIT_CONVERSION = YES;
				GCC_WARN_ABOUT_RETURN_TYPE = YES_ERROR;
				GCC_WARN_UNDECLARED_SELECTOR = YES;
				GCC_WARN_UNINITIALIZED_AUTOS = YES_AGGRESSIVE;
				GCC_WARN_UNUSED_FUNCTION = YES;
				GCC_WARN_UNUSED_VARIABLE = YES;
				MACOSX_DEPLOYMENT_TARGET = 10.8;
				MTL_ENABLE_DEBUG_INFO = YES;
				ONLY_ACTIVE_ARCH = YES;
				SDKROOT = macosx;
			};
			name = Debug;
		};
		1955D0EB1AC44362001318C6 /* Release */ = {
			isa = XCBuildConfiguration;
			buildSettings = {
				ALWAYS_SEARCH_USER_PATHS = NO;
				CLANG_CXX_LANGUAGE_STANDARD = "gnu++0x";
				CLANG_CXX_LIBRARY = "libc++";
				CLANG_ENABLE_MODULES = YES;
				CLANG_ENABLE_OBJC_ARC = YES;
				CLANG_WARN_BOOL_CONVERSION = YES;
				CLANG_WARN_CONSTANT_CONVERSION = YES;
				CLANG_WARN_DIRECT_OBJC_ISA_USAGE = YES_ERROR;
				CLANG_WARN_EMPTY_BODY = YES;
				CLANG_WARN_ENUM_CONVERSION = YES;
				CLANG_WARN_INT_CONVERSION = YES;
				CLANG_WARN_OBJC_ROOT_CLASS = YES_ERROR;
				CLANG_WARN_UNREACHABLE_CODE = YES;
				CLANG_WARN__DUPLICATE_METHOD_MATCH = YES;
				COPY_PHASE_STRIP = YES;
				DEBUG_INFORMATION_FORMAT = "dwarf-with-dsym";
				ENABLE_NS_ASSERTIONS = NO;
				ENABLE_STRICT_OBJC_MSGSEND = YES;
				GCC_C_LANGUAGE_STANDARD = gnu99;
				GCC_WARN_64_TO_32_BIT_CONVERSION = YES;
				GCC_WARN_ABOUT_RETURN_TYPE = YES_ERROR;
				GCC_WARN_UNDECLARED_SELECTOR = YES;
				GCC_WARN_UNINITIALIZED_AUTOS = YES_AGGRESSIVE;
				GCC_WARN_UNUSED_FUNCTION = YES;
				GCC_WARN_UNUSED_VARIABLE = YES;
				MACOSX_DEPLOYMENT_TARGET = 10.8;
				MTL_ENABLE_DEBUG_INFO = NO;
				SDKROOT = macosx;
			};
			name = Release;
		};
		1955D0ED1AC44362001318C6 /* Debug */ = {
			isa = XCBuildConfiguration;
			buildSettings = {
				HEADER_SEARCH_PATHS = (
					"$(inherited)",
					/Applications/Xcode.app/Contents/Developer/Toolchains/XcodeDefault.xctoolchain/usr/include,
					/Users/z/Downloads/Box2D_v2.1.2/Box2D,
				);
				LIBRARY_SEARCH_PATHS = (
					"$(inherited)",
					/Users/z/Documents/Crowd,
					Simulation,
				);
				PRODUCT_NAME = "$(TARGET_NAME)";
			};
			name = Debug;
		};
		1955D0EE1AC44362001318C6 /* Release */ = {
			isa = XCBuildConfiguration;
			buildSettings = {
				HEADER_SEARCH_PATHS = (
					"$(inherited)",
					/Applications/Xcode.app/Contents/Developer/Toolchains/XcodeDefault.xctoolchain/usr/include,
					/Users/z/Downloads/Box2D_v2.1.2/Box2D,
				);
				LIBRARY_SEARCH_PATHS = (
					"$(inherited)",
					/Users/z/Documents/Crowd,
					Simulation,
				);
				PRODUCT_NAME = "$(TARGET_NAME)";
			};
			name = Release;
		};
/* End XCBuildConfiguration section */

/* Begin XCConfigurationList section */
		1955D0E01AC44362001318C6 /* Build configuration list for PBXProject "Crowd Simulation" */ = {
			isa = XCConfigurationList;
			buildConfigurations = (
				1955D0EA1AC44362001318C6 /* Debug */,
				1955D0EB1AC44362001318C6 /* Release */,
			);
			defaultConfigurationIsVisible = 0;
			defaultConfigurationName = Release;
		};
		1955D0EC1AC44362001318C6 /* Build configuration list for PBXNativeTarget "Crowd Simulation" */ = {
			isa = XCConfigurationList;
			buildConfigurations = (
				1955D0ED1AC44362001318C6 /* Debug */,
				1955D0EE1AC44362001318C6 /* Release */,
			);
			defaultConfigurationIsVisible = 0;
			defaultConfigurationName = Release;
		};
/* End XCConfigurationList section */
	};
	rootObject = 1955D0DD1AC44362001318C6 /* Project object */;
}
